// !$*UTF8*$!
{
	archiveVersion = 1;
	classes = {
	};
	objectVersion = 46;
	objects = {

/* Begin PBXBuildFile section */
		653E1F951C759A7600C73E1A /* AppDelegate.swift in Sources */ = {isa = PBXBuildFile; fileRef = 653E1F941C759A7600C73E1A /* AppDelegate.swift */; };
		653E1F971C759A7600C73E1A /* ViewController.swift in Sources */ = {isa = PBXBuildFile; fileRef = 653E1F961C759A7600C73E1A /* ViewController.swift */; };
		653E1F9A1C759A7600C73E1A /* Main.storyboard in Resources */ = {isa = PBXBuildFile; fileRef = 653E1F981C759A7600C73E1A /* Main.storyboard */; };
		653E1F9C1C759A7600C73E1A /* Assets.xcassets in Resources */ = {isa = PBXBuildFile; fileRef = 653E1F9B1C759A7600C73E1A /* Assets.xcassets */; };
		653E1F9F1C759A7600C73E1A /* LaunchScreen.storyboard in Resources */ = {isa = PBXBuildFile; fileRef = 653E1F9D1C759A7600C73E1A /* LaunchScreen.storyboard */; };
		653E1FAA1C759A7700C73E1A /* VishnuExampleTests.swift in Sources */ = {isa = PBXBuildFile; fileRef = 653E1FA91C759A7700C73E1A /* VishnuExampleTests.swift */; };
		653E1FB51C759A7700C73E1A /* VishnuExampleUITests.swift in Sources */ = {isa = PBXBuildFile; fileRef = 653E1FB41C759A7700C73E1A /* VishnuExampleUITests.swift */; };
		653E1FE21C759AA400C73E1A /* Matsya.framework in Frameworks */ = {isa = PBXBuildFile; fileRef = 653E1FD21C759A8100C73E1A /* Matsya.framework */; };
		653E1FE31C759AA400C73E1A /* Vishnu.framework in Frameworks */ = {isa = PBXBuildFile; fileRef = 653E1FCE1C759A8100C73E1A /* Vishnu.framework */; };
		653E1FEA1C759B0200C73E1A /* SimpleTitleCell.xib in Resources */ = {isa = PBXBuildFile; fileRef = 653E1FE91C759B0200C73E1A /* SimpleTitleCell.xib */; };
		653E1FED1C759B3E00C73E1A /* SimpleTitleTableViewCell.swift in Sources */ = {isa = PBXBuildFile; fileRef = 653E1FEC1C759B3E00C73E1A /* SimpleTitleTableViewCell.swift */; };
		653E21331C75C58600C73E1A /* Second.storyboard in Resources */ = {isa = PBXBuildFile; fileRef = 653E21321C75C58600C73E1A /* Second.storyboard */; };
/* End PBXBuildFile section */

/* Begin PBXContainerItemProxy section */
		653E1FA61C759A7700C73E1A /* PBXContainerItemProxy */ = {
			isa = PBXContainerItemProxy;
			containerPortal = 653E1F891C759A7600C73E1A /* Project object */;
			proxyType = 1;
			remoteGlobalIDString = 653E1F901C759A7600C73E1A;
			remoteInfo = VishnuExample;
		};
		653E1FB11C759A7700C73E1A /* PBXContainerItemProxy */ = {
			isa = PBXContainerItemProxy;
			containerPortal = 653E1F891C759A7600C73E1A /* Project object */;
			proxyType = 1;
			remoteGlobalIDString = 653E1F901C759A7600C73E1A;
			remoteInfo = VishnuExample;
		};
		653E1FCD1C759A8100C73E1A /* PBXContainerItemProxy */ = {
			isa = PBXContainerItemProxy;
			containerPortal = 653E1FC51C759A8000C73E1A /* Vishnu.xcodeproj */;
			proxyType = 2;
			remoteGlobalIDString = 653E1F041C7596C800C73E1A;
			remoteInfo = Vishnu;
		};
		653E1FCF1C759A8100C73E1A /* PBXContainerItemProxy */ = {
			isa = PBXContainerItemProxy;
			containerPortal = 653E1FC51C759A8000C73E1A /* Vishnu.xcodeproj */;
			proxyType = 2;
			remoteGlobalIDString = 653E1F0E1C7596C800C73E1A;
			remoteInfo = VishnuTests;
		};
		653E1FD11C759A8100C73E1A /* PBXContainerItemProxy */ = {
			isa = PBXContainerItemProxy;
			containerPortal = 653E1FC51C759A8000C73E1A /* Vishnu.xcodeproj */;
			proxyType = 2;
			remoteGlobalIDString = 653E1F241C75977100C73E1A;
			remoteInfo = Matsya;
		};
		653E1FD31C759A8100C73E1A /* PBXContainerItemProxy */ = {
			isa = PBXContainerItemProxy;
			containerPortal = 653E1FC51C759A8000C73E1A /* Vishnu.xcodeproj */;
			proxyType = 2;
			remoteGlobalIDString = 653E1F2D1C75977100C73E1A;
			remoteInfo = MatsyaTests;
		};
		653E1FD51C759A8100C73E1A /* PBXContainerItemProxy */ = {
			isa = PBXContainerItemProxy;
			containerPortal = 653E1FC51C759A8000C73E1A /* Vishnu.xcodeproj */;
			proxyType = 2;
			remoteGlobalIDString = 653E1F541C75996000C73E1A;
			remoteInfo = CommonCrypto;
		};
		653E1FDE1C759A9D00C73E1A /* PBXContainerItemProxy */ = {
			isa = PBXContainerItemProxy;
			containerPortal = 653E1FC51C759A8000C73E1A /* Vishnu.xcodeproj */;
			proxyType = 1;
			remoteGlobalIDString = 653E1F031C7596C800C73E1A;
			remoteInfo = Vishnu;
		};
		653E1FE01C759A9D00C73E1A /* PBXContainerItemProxy */ = {
			isa = PBXContainerItemProxy;
			containerPortal = 653E1FC51C759A8000C73E1A /* Vishnu.xcodeproj */;
			proxyType = 1;
			remoteGlobalIDString = 653E1F231C75977100C73E1A;
			remoteInfo = Matsya;
		};
/* End PBXContainerItemProxy section */

/* Begin PBXFileReference section */
		653E1F911C759A7600C73E1A /* VishnuExample.app */ = {isa = PBXFileReference; explicitFileType = wrapper.application; includeInIndex = 0; path = VishnuExample.app; sourceTree = BUILT_PRODUCTS_DIR; };
		653E1F941C759A7600C73E1A /* AppDelegate.swift */ = {isa = PBXFileReference; lastKnownFileType = sourcecode.swift; path = AppDelegate.swift; sourceTree = "<group>"; };
		653E1F961C759A7600C73E1A /* ViewController.swift */ = {isa = PBXFileReference; lastKnownFileType = sourcecode.swift; path = ViewController.swift; sourceTree = "<group>"; };
		653E1F991C759A7600C73E1A /* Base */ = {isa = PBXFileReference; lastKnownFileType = file.storyboard; name = Base; path = Base.lproj/Main.storyboard; sourceTree = "<group>"; };
		653E1F9B1C759A7600C73E1A /* Assets.xcassets */ = {isa = PBXFileReference; lastKnownFileType = folder.assetcatalog; path = Assets.xcassets; sourceTree = "<group>"; };
		653E1F9E1C759A7600C73E1A /* Base */ = {isa = PBXFileReference; lastKnownFileType = file.storyboard; name = Base; path = Base.lproj/LaunchScreen.storyboard; sourceTree = "<group>"; };
		653E1FA01C759A7600C73E1A /* Info.plist */ = {isa = PBXFileReference; lastKnownFileType = text.plist.xml; path = Info.plist; sourceTree = "<group>"; };
		653E1FA51C759A7700C73E1A /* VishnuExampleTests.xctest */ = {isa = PBXFileReference; explicitFileType = wrapper.cfbundle; includeInIndex = 0; path = VishnuExampleTests.xctest; sourceTree = BUILT_PRODUCTS_DIR; };
		653E1FA91C759A7700C73E1A /* VishnuExampleTests.swift */ = {isa = PBXFileReference; lastKnownFileType = sourcecode.swift; path = VishnuExampleTests.swift; sourceTree = "<group>"; };
		653E1FAB1C759A7700C73E1A /* Info.plist */ = {isa = PBXFileReference; lastKnownFileType = text.plist.xml; path = Info.plist; sourceTree = "<group>"; };
		653E1FB01C759A7700C73E1A /* VishnuExampleUITests.xctest */ = {isa = PBXFileReference; explicitFileType = wrapper.cfbundle; includeInIndex = 0; path = VishnuExampleUITests.xctest; sourceTree = BUILT_PRODUCTS_DIR; };
		653E1FB41C759A7700C73E1A /* VishnuExampleUITests.swift */ = {isa = PBXFileReference; lastKnownFileType = sourcecode.swift; path = VishnuExampleUITests.swift; sourceTree = "<group>"; };
		653E1FB61C759A7700C73E1A /* Info.plist */ = {isa = PBXFileReference; lastKnownFileType = text.plist.xml; path = Info.plist; sourceTree = "<group>"; };
		653E1FC51C759A8000C73E1A /* Vishnu.xcodeproj */ = {isa = PBXFileReference; lastKnownFileType = "wrapper.pb-project"; name = Vishnu.xcodeproj; path = ../Vishnu/Vishnu.xcodeproj; sourceTree = "<group>"; };
		653E1FE91C759B0200C73E1A /* SimpleTitleCell.xib */ = {isa = PBXFileReference; fileEncoding = 4; lastKnownFileType = file.xib; path = SimpleTitleCell.xib; sourceTree = "<group>"; };
		653E1FEC1C759B3E00C73E1A /* SimpleTitleTableViewCell.swift */ = {isa = PBXFileReference; fileEncoding = 4; lastKnownFileType = sourcecode.swift; path = SimpleTitleTableViewCell.swift; sourceTree = "<group>"; };
		653E21321C75C58600C73E1A /* Second.storyboard */ = {isa = PBXFileReference; fileEncoding = 4; lastKnownFileType = file.storyboard; path = Second.storyboard; sourceTree = "<group>"; };
/* End PBXFileReference section */

/* Begin PBXFrameworksBuildPhase section */
		653E1F8E1C759A7600C73E1A /* Frameworks */ = {
			isa = PBXFrameworksBuildPhase;
			buildActionMask = 2147483647;
			files = (
				653E1FE21C759AA400C73E1A /* Matsya.framework in Frameworks */,
				653E1FE31C759AA400C73E1A /* Vishnu.framework in Frameworks */,
			);
			runOnlyForDeploymentPostprocessing = 0;
		};
		653E1FA21C759A7700C73E1A /* Frameworks */ = {
			isa = PBXFrameworksBuildPhase;
			buildActionMask = 2147483647;
			files = (
			);
			runOnlyForDeploymentPostprocessing = 0;
		};
		653E1FAD1C759A7700C73E1A /* Frameworks */ = {
			isa = PBXFrameworksBuildPhase;
			buildActionMask = 2147483647;
			files = (
			);
			runOnlyForDeploymentPostprocessing = 0;
		};
/* End PBXFrameworksBuildPhase section */

/* Begin PBXGroup section */
		653E1F881C759A7600C73E1A = {
			isa = PBXGroup;
			children = (
				653E1F931C759A7600C73E1A /* VishnuExample */,
				653E1FA81C759A7700C73E1A /* VishnuExampleTests */,
				653E1FB31C759A7700C73E1A /* VishnuExampleUITests */,
				653E1FDC1C759A8700C73E1A /* Frameworks */,
				653E1F921C759A7600C73E1A /* Products */,
			);
			sourceTree = "<group>";
		};
		653E1F921C759A7600C73E1A /* Products */ = {
			isa = PBXGroup;
			children = (
				653E1F911C759A7600C73E1A /* VishnuExample.app */,
				653E1FA51C759A7700C73E1A /* VishnuExampleTests.xctest */,
				653E1FB01C759A7700C73E1A /* VishnuExampleUITests.xctest */,
			);
			name = Products;
			sourceTree = "<group>";
		};
		653E1F931C759A7600C73E1A /* VishnuExample */ = {
			isa = PBXGroup;
			children = (
				653E1FE81C759AF200C73E1A /* UIControls */,
				653E1F941C759A7600C73E1A /* AppDelegate.swift */,
				653E1F961C759A7600C73E1A /* ViewController.swift */,
				653E1F981C759A7600C73E1A /* Main.storyboard */,
				653E1F9B1C759A7600C73E1A /* Assets.xcassets */,
				653E1F9D1C759A7600C73E1A /* LaunchScreen.storyboard */,
				653E1FA01C759A7600C73E1A /* Info.plist */,
				653E21321C75C58600C73E1A /* Second.storyboard */,
			);
			path = VishnuExample;
			sourceTree = "<group>";
		};
		653E1FA81C759A7700C73E1A /* VishnuExampleTests */ = {
			isa = PBXGroup;
			children = (
				653E1FA91C759A7700C73E1A /* VishnuExampleTests.swift */,
				653E1FAB1C759A7700C73E1A /* Info.plist */,
			);
			path = VishnuExampleTests;
			sourceTree = "<group>";
		};
		653E1FB31C759A7700C73E1A /* VishnuExampleUITests */ = {
			isa = PBXGroup;
			children = (
				653E1FB41C759A7700C73E1A /* VishnuExampleUITests.swift */,
				653E1FB61C759A7700C73E1A /* Info.plist */,
			);
			path = VishnuExampleUITests;
			sourceTree = "<group>";
		};
		653E1FC61C759A8000C73E1A /* Products */ = {
			isa = PBXGroup;
			children = (
				653E1FCE1C759A8100C73E1A /* Vishnu.framework */,
				653E1FD01C759A8100C73E1A /* VishnuTests.xctest */,
				653E1FD21C759A8100C73E1A /* Matsya.framework */,
				653E1FD41C759A8100C73E1A /* MatsyaTests.xctest */,
				653E1FD61C759A8100C73E1A /* CommonCrypto.framework */,
			);
			name = Products;
			sourceTree = "<group>";
		};
		653E1FDC1C759A8700C73E1A /* Frameworks */ = {
			isa = PBXGroup;
			children = (
				653E1FC51C759A8000C73E1A /* Vishnu.xcodeproj */,
			);
			name = Frameworks;
			sourceTree = "<group>";
		};
		653E1FE81C759AF200C73E1A /* UIControls */ = {
			isa = PBXGroup;
			children = (
				653E1FE91C759B0200C73E1A /* SimpleTitleCell.xib */,
				653E1FEC1C759B3E00C73E1A /* SimpleTitleTableViewCell.swift */,
			);
			name = UIControls;
			sourceTree = "<group>";
		};
/* End PBXGroup section */

/* Begin PBXNativeTarget section */
		653E1F901C759A7600C73E1A /* VishnuExample */ = {
			isa = PBXNativeTarget;
			buildConfigurationList = 653E1FB91C759A7700C73E1A /* Build configuration list for PBXNativeTarget "VishnuExample" */;
			buildPhases = (
				653E1F8D1C759A7600C73E1A /* Sources */,
				653E1F8E1C759A7600C73E1A /* Frameworks */,
				653E1F8F1C759A7600C73E1A /* Resources */,
			);
			buildRules = (
			);
			dependencies = (
				653E1FDF1C759A9D00C73E1A /* PBXTargetDependency */,
				653E1FE11C759A9D00C73E1A /* PBXTargetDependency */,
			);
			name = VishnuExample;
			productName = VishnuExample;
			productReference = 653E1F911C759A7600C73E1A /* VishnuExample.app */;
			productType = "com.apple.product-type.application";
		};
		653E1FA41C759A7700C73E1A /* VishnuExampleTests */ = {
			isa = PBXNativeTarget;
			buildConfigurationList = 653E1FBC1C759A7700C73E1A /* Build configuration list for PBXNativeTarget "VishnuExampleTests" */;
			buildPhases = (
				653E1FA11C759A7700C73E1A /* Sources */,
				653E1FA21C759A7700C73E1A /* Frameworks */,
				653E1FA31C759A7700C73E1A /* Resources */,
			);
			buildRules = (
			);
			dependencies = (
				653E1FA71C759A7700C73E1A /* PBXTargetDependency */,
			);
			name = VishnuExampleTests;
			productName = VishnuExampleTests;
			productReference = 653E1FA51C759A7700C73E1A /* VishnuExampleTests.xctest */;
			productType = "com.apple.product-type.bundle.unit-test";
		};
		653E1FAF1C759A7700C73E1A /* VishnuExampleUITests */ = {
			isa = PBXNativeTarget;
			buildConfigurationList = 653E1FBF1C759A7700C73E1A /* Build configuration list for PBXNativeTarget "VishnuExampleUITests" */;
			buildPhases = (
				653E1FAC1C759A7700C73E1A /* Sources */,
				653E1FAD1C759A7700C73E1A /* Frameworks */,
				653E1FAE1C759A7700C73E1A /* Resources */,
			);
			buildRules = (
			);
			dependencies = (
				653E1FB21C759A7700C73E1A /* PBXTargetDependency */,
			);
			name = VishnuExampleUITests;
			productName = VishnuExampleUITests;
			productReference = 653E1FB01C759A7700C73E1A /* VishnuExampleUITests.xctest */;
			productType = "com.apple.product-type.bundle.ui-testing";
		};
/* End PBXNativeTarget section */

/* Begin PBXProject section */
		653E1F891C759A7600C73E1A /* Project object */ = {
			isa = PBXProject;
			attributes = {
				LastSwiftUpdateCheck = 0720;
				LastUpgradeCheck = 0720;
				ORGANIZATIONNAME = "Daniel Lu";
				TargetAttributes = {
					653E1F901C759A7600C73E1A = {
						CreatedOnToolsVersion = 7.2.1;
					};
					653E1FA41C759A7700C73E1A = {
						CreatedOnToolsVersion = 7.2.1;
						TestTargetID = 653E1F901C759A7600C73E1A;
					};
					653E1FAF1C759A7700C73E1A = {
						CreatedOnToolsVersion = 7.2.1;
						TestTargetID = 653E1F901C759A7600C73E1A;
					};
				};
			};
			buildConfigurationList = 653E1F8C1C759A7600C73E1A /* Build configuration list for PBXProject "VishnuExample" */;
			compatibilityVersion = "Xcode 3.2";
			developmentRegion = English;
			hasScannedForEncodings = 0;
			knownRegions = (
				en,
				Base,
			);
			mainGroup = 653E1F881C759A7600C73E1A;
			productRefGroup = 653E1F921C759A7600C73E1A /* Products */;
			projectDirPath = "";
			projectReferences = (
				{
					ProductGroup = 653E1FC61C759A8000C73E1A /* Products */;
					ProjectRef = 653E1FC51C759A8000C73E1A /* Vishnu.xcodeproj */;
				},
			);
			projectRoot = "";
			targets = (
				653E1F901C759A7600C73E1A /* VishnuExample */,
				653E1FA41C759A7700C73E1A /* VishnuExampleTests */,
				653E1FAF1C759A7700C73E1A /* VishnuExampleUITests */,
			);
		};
/* End PBXProject section */

/* Begin PBXReferenceProxy section */
		653E1FCE1C759A8100C73E1A /* Vishnu.framework */ = {
			isa = PBXReferenceProxy;
			fileType = wrapper.framework;
			path = Vishnu.framework;
			remoteRef = 653E1FCD1C759A8100C73E1A /* PBXContainerItemProxy */;
			sourceTree = BUILT_PRODUCTS_DIR;
		};
		653E1FD01C759A8100C73E1A /* VishnuTests.xctest */ = {
			isa = PBXReferenceProxy;
			fileType = wrapper.cfbundle;
			path = VishnuTests.xctest;
			remoteRef = 653E1FCF1C759A8100C73E1A /* PBXContainerItemProxy */;
			sourceTree = BUILT_PRODUCTS_DIR;
		};
		653E1FD21C759A8100C73E1A /* Matsya.framework */ = {
			isa = PBXReferenceProxy;
			fileType = wrapper.framework;
			path = Matsya.framework;
			remoteRef = 653E1FD11C759A8100C73E1A /* PBXContainerItemProxy */;
			sourceTree = BUILT_PRODUCTS_DIR;
		};
		653E1FD41C759A8100C73E1A /* MatsyaTests.xctest */ = {
			isa = PBXReferenceProxy;
			fileType = wrapper.cfbundle;
			path = MatsyaTests.xctest;
			remoteRef = 653E1FD31C759A8100C73E1A /* PBXContainerItemProxy */;
			sourceTree = BUILT_PRODUCTS_DIR;
		};
		653E1FD61C759A8100C73E1A /* CommonCrypto.framework */ = {
			isa = PBXReferenceProxy;
			fileType = wrapper.framework;
			path = CommonCrypto.framework;
			remoteRef = 653E1FD51C759A8100C73E1A /* PBXContainerItemProxy */;
			sourceTree = BUILT_PRODUCTS_DIR;
		};
/* End PBXReferenceProxy section */

/* Begin PBXResourcesBuildPhase section */
		653E1F8F1C759A7600C73E1A /* Resources */ = {
			isa = PBXResourcesBuildPhase;
			buildActionMask = 2147483647;
			files = (
				653E1FEA1C759B0200C73E1A /* SimpleTitleCell.xib in Resources */,
				653E1F9F1C759A7600C73E1A /* LaunchScreen.storyboard in Resources */,
				653E1F9C1C759A7600C73E1A /* Assets.xcassets in Resources */,
				653E21331C75C58600C73E1A /* Second.storyboard in Resources */,
				653E1F9A1C759A7600C73E1A /* Main.storyboard in Resources */,
			);
			runOnlyForDeploymentPostprocessing = 0;
		};
		653E1FA31C759A7700C73E1A /* Resources */ = {
			isa = PBXResourcesBuildPhase;
			buildActionMask = 2147483647;
			files = (
			);
			runOnlyForDeploymentPostprocessing = 0;
		};
		653E1FAE1C759A7700C73E1A /* Resources */ = {
			isa = PBXResourcesBuildPhase;
			buildActionMask = 2147483647;
			files = (
			);
			runOnlyForDeploymentPostprocessing = 0;
		};
/* End PBXResourcesBuildPhase section */

/* Begin PBXSourcesBuildPhase section */
		653E1F8D1C759A7600C73E1A /* Sources */ = {
			isa = PBXSourcesBuildPhase;
			buildActionMask = 2147483647;
			files = (
				653E1F971C759A7600C73E1A /* ViewController.swift in Sources */,
				653E1FED1C759B3E00C73E1A /* SimpleTitleTableViewCell.swift in Sources */,
				653E1F951C759A7600C73E1A /* AppDelegate.swift in Sources */,
			);
			runOnlyForDeploymentPostprocessing = 0;
		};
		653E1FA11C759A7700C73E1A /* Sources */ = {
			isa = PBXSourcesBuildPhase;
			buildActionMask = 2147483647;
			files = (
				653E1FAA1C759A7700C73E1A /* VishnuExampleTests.swift in Sources */,
			);
			runOnlyForDeploymentPostprocessing = 0;
		};
		653E1FAC1C759A7700C73E1A /* Sources */ = {
			isa = PBXSourcesBuildPhase;
			buildActionMask = 2147483647;
			files = (
				653E1FB51C759A7700C73E1A /* VishnuExampleUITests.swift in Sources */,
			);
			runOnlyForDeploymentPostprocessing = 0;
		};
/* End PBXSourcesBuildPhase section */

/* Begin PBXTargetDependency section */
		653E1FA71C759A7700C73E1A /* PBXTargetDependency */ = {
			isa = PBXTargetDependency;
			target = 653E1F901C759A7600C73E1A /* VishnuExample */;
			targetProxy = 653E1FA61C759A7700C73E1A /* PBXContainerItemProxy */;
		};
		653E1FB21C759A7700C73E1A /* PBXTargetDependency */ = {
			isa = PBXTargetDependency;
			target = 653E1F901C759A7600C73E1A /* VishnuExample */;
			targetProxy = 653E1FB11C759A7700C73E1A /* PBXContainerItemProxy */;
		};
		653E1FDF1C759A9D00C73E1A /* PBXTargetDependency */ = {
			isa = PBXTargetDependency;
			name = Vishnu;
			targetProxy = 653E1FDE1C759A9D00C73E1A /* PBXContainerItemProxy */;
		};
		653E1FE11C759A9D00C73E1A /* PBXTargetDependency */ = {
			isa = PBXTargetDependency;
			name = Matsya;
			targetProxy = 653E1FE01C759A9D00C73E1A /* PBXContainerItemProxy */;
		};
/* End PBXTargetDependency section */

/* Begin PBXVariantGroup section */
		653E1F981C759A7600C73E1A /* Main.storyboard */ = {
			isa = PBXVariantGroup;
			children = (
				653E1F991C759A7600C73E1A /* Base */,
			);
			name = Main.storyboard;
			sourceTree = "<group>";
		};
		653E1F9D1C759A7600C73E1A /* LaunchScreen.storyboard */ = {
			isa = PBXVariantGroup;
			children = (
				653E1F9E1C759A7600C73E1A /* Base */,
			);
			name = LaunchScreen.storyboard;
			sourceTree = "<group>";
		};
/* End PBXVariantGroup section */

/* Begin XCBuildConfiguration section */
		653E1FB71C759A7700C73E1A /* Debug */ = {
			isa = XCBuildConfiguration;
			buildSettings = {
				ALWAYS_SEARCH_USER_PATHS = NO;
				CLANG_CXX_LANGUAGE_STANDARD = "gnu++0x";
				CLANG_CXX_LIBRARY = "libc++";
				CLANG_ENABLE_MODULES = YES;
				CLANG_ENABLE_OBJC_ARC = YES;
				CLANG_WARN_BOOL_CONVERSION = YES;
				CLANG_WARN_CONSTANT_CONVERSION = YES;
				CLANG_WARN_DIRECT_OBJC_ISA_USAGE = YES_ERROR;
				CLANG_WARN_EMPTY_BODY = YES;
				CLANG_WARN_ENUM_CONVERSION = YES;
				CLANG_WARN_INT_CONVERSION = YES;
				CLANG_WARN_OBJC_ROOT_CLASS = YES_ERROR;
				CLANG_WARN_UNREACHABLE_CODE = YES;
				CLANG_WARN__DUPLICATE_METHOD_MATCH = YES;
				"CODE_SIGN_IDENTITY[sdk=iphoneos*]" = "iPhone Developer";
				COPY_PHASE_STRIP = NO;
				DEBUG_INFORMATION_FORMAT = dwarf;
				ENABLE_STRICT_OBJC_MSGSEND = YES;
				ENABLE_TESTABILITY = YES;
				GCC_C_LANGUAGE_STANDARD = gnu99;
				GCC_DYNAMIC_NO_PIC = NO;
				GCC_NO_COMMON_BLOCKS = YES;
				GCC_OPTIMIZATION_LEVEL = 0;
				GCC_PREPROCESSOR_DEFINITIONS = (
					"DEBUG=1",
					"$(inherited)",
				);
				GCC_WARN_64_TO_32_BIT_CONVERSION = YES;
				GCC_WARN_ABOUT_RETURN_TYPE = YES_ERROR;
				GCC_WARN_UNDECLARED_SELECTOR = YES;
				GCC_WARN_UNINITIALIZED_AUTOS = YES_AGGRESSIVE;
				GCC_WARN_UNUSED_FUNCTION = YES;
				GCC_WARN_UNUSED_VARIABLE = YES;
				IPHONEOS_DEPLOYMENT_TARGET = 9.2;
				MTL_ENABLE_DEBUG_INFO = YES;
				ONLY_ACTIVE_ARCH = YES;
				SDKROOT = iphoneos;
				SWIFT_OPTIMIZATION_LEVEL = "-Onone";
				TARGETED_DEVICE_FAMILY = "1,2";
			};
			name = Debug;
		};
		653E1FB81C759A7700C73E1A /* Release */ = {
			isa = XCBuildConfiguration;
			buildSettings = {
				ALWAYS_SEARCH_USER_PATHS = NO;
				CLANG_CXX_LANGUAGE_STANDARD = "gnu++0x";
				CLANG_CXX_LIBRARY = "libc++";
				CLANG_ENABLE_MODULES = YES;
				CLANG_ENABLE_OBJC_ARC = YES;
				CLANG_WARN_BOOL_CONVERSION = YES;
				CLANG_WARN_CONSTANT_CONVERSION = YES;
				CLANG_WARN_DIRECT_OBJC_ISA_USAGE = YES_ERROR;
				CLANG_WARN_EMPTY_BODY = YES;
				CLANG_WARN_ENUM_CONVERSION = YES;
				CLANG_WARN_INT_CONVERSION = YES;
				CLANG_WARN_OBJC_ROOT_CLASS = YES_ERROR;
				CLANG_WARN_UNREACHABLE_CODE = YES;
				CLANG_WARN__DUPLICATE_METHOD_MATCH = YES;
				"CODE_SIGN_IDENTITY[sdk=iphoneos*]" = "iPhone Developer";
				COPY_PHASE_STRIP = NO;
				DEBUG_INFORMATION_FORMAT = "dwarf-with-dsym";
				ENABLE_NS_ASSERTIONS = NO;
				ENABLE_STRICT_OBJC_MSGSEND = YES;
				GCC_C_LANGUAGE_STANDARD = gnu99;
				GCC_NO_COMMON_BLOCKS = YES;
				GCC_WARN_64_TO_32_BIT_CONVERSION = YES;
				GCC_WARN_ABOUT_RETURN_TYPE = YES_ERROR;
				GCC_WARN_UNDECLARED_SELECTOR = YES;
				GCC_WARN_UNINITIALIZED_AUTOS = YES_AGGRESSIVE;
				GCC_WARN_UNUSED_FUNCTION = YES;
				GCC_WARN_UNUSED_VARIABLE = YES;
				IPHONEOS_DEPLOYMENT_TARGET = 9.2;
				MTL_ENABLE_DEBUG_INFO = NO;
				SDKROOT = iphoneos;
				TARGETED_DEVICE_FAMILY = "1,2";
				VALIDATE_PRODUCT = YES;
			};
			name = Release;
		};
		653E1FBA1C759A7700C73E1A /* Debug */ = {
			isa = XCBuildConfiguration;
			buildSettings = {
				ASSETCATALOG_COMPILER_APPICON_NAME = AppIcon;
				INFOPLIST_FILE = VishnuExample/Info.plist;
				IPHONEOS_DEPLOYMENT_TARGET = 7.1;
				LD_RUNPATH_SEARCH_PATHS = "$(inherited) @executable_path/Frameworks";
				PRODUCT_BUNDLE_IDENTIFIER = xyz.akupara.VishnuExample;
				PRODUCT_NAME = "$(TARGET_NAME)";
			};
			name = Debug;
		};
		653E1FBB1C759A7700C73E1A /* Release */ = {
			isa = XCBuildConfiguration;
			buildSettings = {
				ASSETCATALOG_COMPILER_APPICON_NAME = AppIcon;
				INFOPLIST_FILE = VishnuExample/Info.plist;
				IPHONEOS_DEPLOYMENT_TARGET = 7.1;
				LD_RUNPATH_SEARCH_PATHS = "$(inherited) @executable_path/Frameworks";
				PRODUCT_BUNDLE_IDENTIFIER = xyz.akupara.VishnuExample;
				PRODUCT_NAME = "$(TARGET_NAME)";
			};
			name = Release;
		};
		653E1FBD1C759A7700C73E1A /* Debug */ = {
			isa = XCBuildConfiguration;
			buildSettings = {
				BUNDLE_LOADER = "$(TEST_HOST)";
				INFOPLIST_FILE = VishnuExampleTests/Info.plist;
				LD_RUNPATH_SEARCH_PATHS = "$(inherited) @executable_path/Frameworks @loader_path/Frameworks";
				PRODUCT_BUNDLE_IDENTIFIER = xyz.akupara.VishnuExampleTests;
				PRODUCT_NAME = "$(TARGET_NAME)";
				TEST_HOST = "$(BUILT_PRODUCTS_DIR)/VishnuExample.app/VishnuExample";
			};
			name = Debug;
		};
		653E1FBE1C759A7700C73E1A /* Release */ = {
			isa = XCBuildConfiguration;
			buildSettings = {
				BUNDLE_LOADER = "$(TEST_HOST)";
				INFOPLIST_FILE = VishnuExampleTests/Info.plist;
				LD_RUNPATH_SEARCH_PATHS = "$(inherited) @executable_path/Frameworks @loader_path/Frameworks";
				PRODUCT_BUNDLE_IDENTIFIER = xyz.akupara.VishnuExampleTests;
				PRODUCT_NAME = "$(TARGET_NAME)";
				TEST_HOST = "$(BUILT_PRODUCTS_DIR)/VishnuExample.app/VishnuExample";
			};
			name = Release;
		};
		653E1FC01C759A7700C73E1A /* Debug */ = {
			isa = XCBuildConfiguration;
			buildSettings = {
				INFOPLIST_FILE = VishnuExampleUITests/Info.plist;
				LD_RUNPATH_SEARCH_PATHS = "$(inherited) @executable_path/Frameworks @loader_path/Frameworks";
				PRODUCT_BUNDLE_IDENTIFIER = xyz.akupara.VishnuExampleUITests;
				PRODUCT_NAME = "$(TARGET_NAME)";
				TEST_TARGET_NAME = VishnuExample;
				USES_XCTRUNNER = YES;
			};
			name = Debug;
		};
		653E1FC11C759A7700C73E1A /* Release */ = {
			isa = XCBuildConfiguration;
			buildSettings = {
				INFOPLIST_FILE = VishnuExampleUITests/Info.plist;
				LD_RUNPATH_SEARCH_PATHS = "$(inherited) @executable_path/Frameworks @loader_path/Frameworks";
				PRODUCT_BUNDLE_IDENTIFIER = xyz.akupara.VishnuExampleUITests;
				PRODUCT_NAME = "$(TARGET_NAME)";
				TEST_TARGET_NAME = VishnuExample;
				USES_XCTRUNNER = YES;
			};
			name = Release;
		};
/* End XCBuildConfiguration section */

/* Begin XCConfigurationList section */
		653E1F8C1C759A7600C73E1A /* Build configuration list for PBXProject "VishnuExample" */ = {
			isa = XCConfigurationList;
			buildConfigurations = (
				653E1FB71C759A7700C73E1A /* Debug */,
				653E1FB81C759A7700C73E1A /* Release */,
			);
			defaultConfigurationIsVisible = 0;
			defaultConfigurationName = Release;
		};
		653E1FB91C759A7700C73E1A /* Build configuration list for PBXNativeTarget "VishnuExample" */ = {
			isa = XCConfigurationList;
			buildConfigurations = (
				653E1FBA1C759A7700C73E1A /* Debug */,
				653E1FBB1C759A7700C73E1A /* Release */,
			);
			defaultConfigurationIsVisible = 0;
			defaultConfigurationName = Release;
		};
		653E1FBC1C759A7700C73E1A /* Build configuration list for PBXNativeTarget "VishnuExampleTests" */ = {
			isa = XCConfigurationList;
			buildConfigurations = (
				653E1FBD1C759A7700C73E1A /* Debug */,
				653E1FBE1C759A7700C73E1A /* Release */,
			);
			defaultConfigurationIsVisible = 0;
			defaultConfigurationName = Release;
		};
		653E1FBF1C759A7700C73E1A /* Build configuration list for PBXNativeTarget "VishnuExampleUITests" */ = {
			isa = XCConfigurationList;
			buildConfigurations = (
				653E1FC01C759A7700C73E1A /* Debug */,
				653E1FC11C759A7700C73E1A /* Release */,
			);
			defaultConfigurationIsVisible = 0;
			defaultConfigurationName = Release;
		};
/* End XCConfigurationList section */
	};
	rootObject = 653E1F891C759A7600C73E1A /* Project object */;
}
