// !$*UTF8*$!
{
	archiveVersion = 1;
	classes = {
	};
	objectVersion = 46;
	objects = {

/* Begin PBXBuildFile section */
		65017A5C1CEEFA1500AD9DD2 /* MastyaTabBarController.swift in Sources */ = {isa = PBXBuildFile; fileRef = 65017A5B1CEEFA1500AD9DD2 /* MastyaTabBarController.swift */; };
		65060BBB1C76F35300CFE032 /* NSData+Extension.swift in Sources */ = {isa = PBXBuildFile; fileRef = 65060BBA1C76F35300CFE032 /* NSData+Extension.swift */; };
		650CCF351C914ED700231340 /* CRC16.swift in Sources */ = {isa = PBXBuildFile; fileRef = 650CCF341C914ED700231340 /* CRC16.swift */; };
		652A6EAC1C902DD800A07E4F /* MatsyaContainerViewController.swift in Sources */ = {isa = PBXBuildFile; fileRef = 652A6EAB1C902DD800A07E4F /* MatsyaContainerViewController.swift */; };
		653E1F081C7596C800C73E1A /* Vishnu.h in Headers */ = {isa = PBXBuildFile; fileRef = 653E1F071C7596C800C73E1A /* Vishnu.h */; settings = {ATTRIBUTES = (Public, ); }; };
		653E1F0F1C7596C800C73E1A /* Vishnu.framework in Frameworks */ = {isa = PBXBuildFile; fileRef = 653E1F041C7596C800C73E1A /* Vishnu.framework */; };
		653E1F141C7596C800C73E1A /* VishnuTests.swift in Sources */ = {isa = PBXBuildFile; fileRef = 653E1F131C7596C800C73E1A /* VishnuTests.swift */; };
		653E1F271C75977100C73E1A /* Matsya.h in Headers */ = {isa = PBXBuildFile; fileRef = 653E1F261C75977100C73E1A /* Matsya.h */; settings = {ATTRIBUTES = (Public, ); }; };
		653E1F2E1C75977200C73E1A /* Matsya.framework in Frameworks */ = {isa = PBXBuildFile; fileRef = 653E1F241C75977100C73E1A /* Matsya.framework */; };
		653E1F331C75977200C73E1A /* MatsyaTests.swift in Sources */ = {isa = PBXBuildFile; fileRef = 653E1F321C75977200C73E1A /* MatsyaTests.swift */; };
		653E1F441C75986F00C73E1A /* UIViewController+DLStoryboardExtensionViewController.swift in Sources */ = {isa = PBXBuildFile; fileRef = 653E1F401C75986F00C73E1A /* UIViewController+DLStoryboardExtensionViewController.swift */; };
		653E1F451C75986F00C73E1A /* UIAlertView+DLExtension.swift in Sources */ = {isa = PBXBuildFile; fileRef = 653E1F411C75986F00C73E1A /* UIAlertView+DLExtension.swift */; };
		653E1F461C75986F00C73E1A /* UIViewController+DLAlertExtension.swift in Sources */ = {isa = PBXBuildFile; fileRef = 653E1F421C75986F00C73E1A /* UIViewController+DLAlertExtension.swift */; };
		653E1F4C1C75989700C73E1A /* String+DLExtension.swift in Sources */ = {isa = PBXBuildFile; fileRef = 653E1F3F1C75986F00C73E1A /* String+DLExtension.swift */; };
		653E1F771C75997F00C73E1A /* CommonCrypto.xcconfig in Resources */ = {isa = PBXBuildFile; fileRef = 653E1F711C75997F00C73E1A /* CommonCrypto.xcconfig */; };
		653E1F7D1C759A0B00C73E1A /* libz.tbd in Frameworks */ = {isa = PBXBuildFile; fileRef = 653E1F7C1C759A0B00C73E1A /* libz.tbd */; };
		653E1F811C759A1F00C73E1A /* CommonCrypto.framework in Frameworks */ = {isa = PBXBuildFile; fileRef = 653E1F541C75996000C73E1A /* CommonCrypto.framework */; settings = {ATTRIBUTES = (Weak, ); }; };
		653E200E1C75B57300C73E1A /* Info.plist in Resources */ = {isa = PBXBuildFile; fileRef = 653E200D1C75B57300C73E1A /* Info.plist */; };
		653E20E01C75BC8700C73E1A /* Vishnu.framework in Frameworks */ = {isa = PBXBuildFile; fileRef = 653E1F041C7596C800C73E1A /* Vishnu.framework */; };
		653E21591C76B57000C73E1A /* Digest.swift in Sources */ = {isa = PBXBuildFile; fileRef = 653E21581C76B57000C73E1A /* Digest.swift */; };
		653E21621C76B5F300C73E1A /* HMAC.swift in Sources */ = {isa = PBXBuildFile; fileRef = 653E21611C76B5F300C73E1A /* HMAC.swift */; };
		653E21671C76B61D00C73E1A /* NSData+CryptoExtension.swift in Sources */ = {isa = PBXBuildFile; fileRef = 653E21661C76B61D00C73E1A /* NSData+CryptoExtension.swift */; };
		653E216C1C76B64400C73E1A /* String+CryptoExtension.swift in Sources */ = {isa = PBXBuildFile; fileRef = 653E216B1C76B64400C73E1A /* String+CryptoExtension.swift */; };
		65526D971C7C0936001A9EB4 /* AVishnuConfigure.swift in Sources */ = {isa = PBXBuildFile; fileRef = 65526D961C7C0936001A9EB4 /* AVishnuConfigure.swift */; };
		65B947911D19336C00CA5969 /* Vishnu.h in Headers */ = {isa = PBXBuildFile; fileRef = 653E1F071C7596C800C73E1A /* Vishnu.h */; settings = {ATTRIBUTES = (Public, ); }; };
		65B947AA1D19337100CA5969 /* Matsya.h in Headers */ = {isa = PBXBuildFile; fileRef = 653E1F261C75977100C73E1A /* Matsya.h */; settings = {ATTRIBUTES = (Public, ); }; };
		65B947C31D19337A00CA5969 /* Vishnu.h in Headers */ = {isa = PBXBuildFile; fileRef = 653E1F071C7596C800C73E1A /* Vishnu.h */; settings = {ATTRIBUTES = (Public, ); }; };
		65B947DC1D19338000CA5969 /* Kurma.h in Headers */ = {isa = PBXBuildFile; fileRef = 65CFD1611D10F7AC0097893B /* Kurma.h */; settings = {ATTRIBUTES = (Public, ); }; };
		65CFD1691D10F7AC0097893B /* Kurma.framework in Frameworks */ = {isa = PBXBuildFile; fileRef = 65CFD15F1D10F7AB0097893B /* Kurma.framework */; };
		65CFD16E1D10F7AC0097893B /* KurmaTests.swift in Sources */ = {isa = PBXBuildFile; fileRef = 65CFD16D1D10F7AC0097893B /* KurmaTests.swift */; };
		65CFD1AA1D10F8080097893B /* CBCharacteristic+KurmaExtension.swift in Sources */ = {isa = PBXBuildFile; fileRef = 65CFD1A91D10F8080097893B /* CBCharacteristic+KurmaExtension.swift */; };
		65CFD1E11D10F9F50097893B /* UIColor+LerpExtension.swift in Sources */ = {isa = PBXBuildFile; fileRef = 65CFD1E01D10F9F40097893B /* UIColor+LerpExtension.swift */; };
		65CFD2141D10FA4A0097893B /* NumericType.swift in Sources */ = {isa = PBXBuildFile; fileRef = 65CFD2131D10FA4A0097893B /* NumericType.swift */; };
		65CFD2B01D10FAB00097893B /* Vishnu.framework in Frameworks */ = {isa = PBXBuildFile; fileRef = 653E1F041C7596C800C73E1A /* Vishnu.framework */; };
		65CFD3091D10FCBC0097893B /* KurmaBluetoothCommon.swift in Sources */ = {isa = PBXBuildFile; fileRef = 65CFD3081D10FCBC0097893B /* KurmaBluetoothCommon.swift */; };
		65CFD3FC1D113DC50097893B /* KurmaCentralManager.swift in Sources */ = {isa = PBXBuildFile; fileRef = 65CFD3FB1D113DC50097893B /* KurmaCentralManager.swift */; };
		65CFD4BA1D114B2E0097893B /* KurmaPeripheral.swift in Sources */ = {isa = PBXBuildFile; fileRef = 65CFD4B91D114B2E0097893B /* KurmaPeripheral.swift */; };
/* End PBXBuildFile section */

/* Begin PBXContainerItemProxy section */
		653E1F101C7596C800C73E1A /* PBXContainerItemProxy */ = {
			isa = PBXContainerItemProxy;
			containerPortal = 653E1EFB1C7596C800C73E1A /* Project object */;
			proxyType = 1;
			remoteGlobalIDString = 653E1F031C7596C800C73E1A;
			remoteInfo = Vishnu;
		};
		653E1F2F1C75977200C73E1A /* PBXContainerItemProxy */ = {
			isa = PBXContainerItemProxy;
			containerPortal = 653E1EFB1C7596C800C73E1A /* Project object */;
			proxyType = 1;
			remoteGlobalIDString = 653E1F231C75977100C73E1A;
			remoteInfo = Matsya;
		};
		653E1F7A1C759A0400C73E1A /* PBXContainerItemProxy */ = {
			isa = PBXContainerItemProxy;
			containerPortal = 653E1EFB1C7596C800C73E1A /* Project object */;
			proxyType = 1;
			remoteGlobalIDString = 653E1F531C75996000C73E1A;
			remoteInfo = CommonCrypto;
		};
		653E20DE1C75BC8200C73E1A /* PBXContainerItemProxy */ = {
			isa = PBXContainerItemProxy;
			containerPortal = 653E1EFB1C7596C800C73E1A /* Project object */;
			proxyType = 1;
			remoteGlobalIDString = 653E1F031C7596C800C73E1A;
			remoteInfo = Vishnu;
		};
		65B947771D19335400CA5969 /* PBXContainerItemProxy */ = {
			isa = PBXContainerItemProxy;
			containerPortal = 653E1EFB1C7596C800C73E1A /* Project object */;
			proxyType = 1;
			remoteGlobalIDString = 653E1F031C7596C800C73E1A;
			remoteInfo = Vishnu;
		};
		65CFD16A1D10F7AC0097893B /* PBXContainerItemProxy */ = {
			isa = PBXContainerItemProxy;
			containerPortal = 653E1EFB1C7596C800C73E1A /* Project object */;
			proxyType = 1;
			remoteGlobalIDString = 65CFD15E1D10F7AB0097893B;
			remoteInfo = Kurma;
		};
/* End PBXContainerItemProxy section */

/* Begin PBXFileReference section */
		65017A5B1CEEFA1500AD9DD2 /* MastyaTabBarController.swift */ = {isa = PBXFileReference; fileEncoding = 4; lastKnownFileType = sourcecode.swift; path = MastyaTabBarController.swift; sourceTree = "<group>"; };
		65060BBA1C76F35300CFE032 /* NSData+Extension.swift */ = {isa = PBXFileReference; fileEncoding = 4; lastKnownFileType = sourcecode.swift; path = "NSData+Extension.swift"; sourceTree = "<group>"; };
		650CCF341C914ED700231340 /* CRC16.swift */ = {isa = PBXFileReference; fileEncoding = 4; lastKnownFileType = sourcecode.swift; path = CRC16.swift; sourceTree = "<group>"; };
		652A6EAB1C902DD800A07E4F /* MatsyaContainerViewController.swift */ = {isa = PBXFileReference; fileEncoding = 4; lastKnownFileType = sourcecode.swift; path = MatsyaContainerViewController.swift; sourceTree = "<group>"; };
		653E1F041C7596C800C73E1A /* Vishnu.framework */ = {isa = PBXFileReference; explicitFileType = wrapper.framework; includeInIndex = 0; path = Vishnu.framework; sourceTree = BUILT_PRODUCTS_DIR; };
		653E1F071C7596C800C73E1A /* Vishnu.h */ = {isa = PBXFileReference; lastKnownFileType = sourcecode.c.h; path = Vishnu.h; sourceTree = "<group>"; };
		653E1F091C7596C800C73E1A /* Info.plist */ = {isa = PBXFileReference; lastKnownFileType = text.plist.xml; path = Info.plist; sourceTree = "<group>"; };
		653E1F0E1C7596C800C73E1A /* VishnuTests.xctest */ = {isa = PBXFileReference; explicitFileType = wrapper.cfbundle; includeInIndex = 0; path = VishnuTests.xctest; sourceTree = BUILT_PRODUCTS_DIR; };
		653E1F131C7596C800C73E1A /* VishnuTests.swift */ = {isa = PBXFileReference; lastKnownFileType = sourcecode.swift; path = VishnuTests.swift; sourceTree = "<group>"; };
		653E1F151C7596C800C73E1A /* Info.plist */ = {isa = PBXFileReference; lastKnownFileType = text.plist.xml; path = Info.plist; sourceTree = "<group>"; };
		653E1F241C75977100C73E1A /* Matsya.framework */ = {isa = PBXFileReference; explicitFileType = wrapper.framework; includeInIndex = 0; path = Matsya.framework; sourceTree = BUILT_PRODUCTS_DIR; };
		653E1F261C75977100C73E1A /* Matsya.h */ = {isa = PBXFileReference; lastKnownFileType = sourcecode.c.h; path = Matsya.h; sourceTree = "<group>"; };
		653E1F281C75977100C73E1A /* Info.plist */ = {isa = PBXFileReference; lastKnownFileType = text.plist.xml; path = Info.plist; sourceTree = "<group>"; };
		653E1F2D1C75977100C73E1A /* MatsyaTests.xctest */ = {isa = PBXFileReference; explicitFileType = wrapper.cfbundle; includeInIndex = 0; path = MatsyaTests.xctest; sourceTree = BUILT_PRODUCTS_DIR; };
		653E1F321C75977200C73E1A /* MatsyaTests.swift */ = {isa = PBXFileReference; lastKnownFileType = sourcecode.swift; path = MatsyaTests.swift; sourceTree = "<group>"; };
		653E1F341C75977200C73E1A /* Info.plist */ = {isa = PBXFileReference; lastKnownFileType = text.plist.xml; path = Info.plist; sourceTree = "<group>"; };
		653E1F3F1C75986F00C73E1A /* String+DLExtension.swift */ = {isa = PBXFileReference; fileEncoding = 4; lastKnownFileType = sourcecode.swift; name = "String+DLExtension.swift"; path = "../Matsya/String+DLExtension.swift"; sourceTree = "<group>"; };
		653E1F401C75986F00C73E1A /* UIViewController+DLStoryboardExtensionViewController.swift */ = {isa = PBXFileReference; fileEncoding = 4; lastKnownFileType = sourcecode.swift; path = "UIViewController+DLStoryboardExtensionViewController.swift"; sourceTree = "<group>"; };
		653E1F411C75986F00C73E1A /* UIAlertView+DLExtension.swift */ = {isa = PBXFileReference; fileEncoding = 4; lastKnownFileType = sourcecode.swift; path = "UIAlertView+DLExtension.swift"; sourceTree = "<group>"; };
		653E1F421C75986F00C73E1A /* UIViewController+DLAlertExtension.swift */ = {isa = PBXFileReference; fileEncoding = 4; lastKnownFileType = sourcecode.swift; path = "UIViewController+DLAlertExtensio\U0001n.swift"; sourceTree = "<group>"; };
		653E1F541C75996000C73E1A /* CommonCrypto.framework */ = {isa = PBXFileReference; explicitFileType = wrapper.framework; includeInIndex = 0; path = CommonCrypto.framework; sourceTree = BUILT_PRODUCTS_DIR; };
		653E1F6F1C75997F00C73E1A /* appletvos.modulemap */ = {isa = PBXFileReference; fileEncoding = 4; lastKnownFileType = "sourcecode.module-map"; path = appletvos.modulemap; sourceTree = "<group>"; };
		653E1F701C75997F00C73E1A /* appletvsimulator.modulemap */ = {isa = PBXFileReference; fileEncoding = 4; lastKnownFileType = "sourcecode.module-map"; path = appletvsimulator.modulemap; sourceTree = "<group>"; };
		653E1F711C75997F00C73E1A /* CommonCrypto.xcconfig */ = {isa = PBXFileReference; fileEncoding = 4; lastKnownFileType = text.xcconfig; path = CommonCrypto.xcconfig; sourceTree = "<group>"; };
		653E1F721C75997F00C73E1A /* iphoneos.modulemap */ = {isa = PBXFileReference; fileEncoding = 4; lastKnownFileType = "sourcecode.module-map"; path = iphoneos.modulemap; sourceTree = "<group>"; };
		653E1F731C75997F00C73E1A /* iphonesimulator.modulemap */ = {isa = PBXFileReference; fileEncoding = 4; lastKnownFileType = "sourcecode.module-map"; path = iphonesimulator.modulemap; sourceTree = "<group>"; };
		653E1F741C75997F00C73E1A /* macosx.modulemap */ = {isa = PBXFileReference; fileEncoding = 4; lastKnownFileType = "sourcecode.module-map"; path = macosx.modulemap; sourceTree = "<group>"; };
		653E1F751C75997F00C73E1A /* watchos.modulemap */ = {isa = PBXFileReference; fileEncoding = 4; lastKnownFileType = "sourcecode.module-map"; path = watchos.modulemap; sourceTree = "<group>"; };
		653E1F761C75997F00C73E1A /* watchsimulator.modulemap */ = {isa = PBXFileReference; fileEncoding = 4; lastKnownFileType = "sourcecode.module-map"; path = watchsimulator.modulemap; sourceTree = "<group>"; };
		653E1F7C1C759A0B00C73E1A /* libz.tbd */ = {isa = PBXFileReference; lastKnownFileType = "sourcecode.text-based-dylib-definition"; name = libz.tbd; path = usr/lib/libz.tbd; sourceTree = SDKROOT; };
		653E200D1C75B57300C73E1A /* Info.plist */ = {isa = PBXFileReference; fileEncoding = 4; lastKnownFileType = text.plist.xml; path = Info.plist; sourceTree = "<group>"; };
		653E21581C76B57000C73E1A /* Digest.swift */ = {isa = PBXFileReference; fileEncoding = 4; lastKnownFileType = sourcecode.swift; path = Digest.swift; sourceTree = "<group>"; };
		653E21611C76B5F300C73E1A /* HMAC.swift */ = {isa = PBXFileReference; fileEncoding = 4; lastKnownFileType = sourcecode.swift; path = HMAC.swift; sourceTree = "<group>"; };
		653E21661C76B61D00C73E1A /* NSData+CryptoExtension.swift */ = {isa = PBXFileReference; fileEncoding = 4; lastKnownFileType = sourcecode.swift; path = "NSData+CryptoExtension.swift"; sourceTree = "<group>"; };
		653E216B1C76B64400C73E1A /* String+CryptoExtension.swift */ = {isa = PBXFileReference; fileEncoding = 4; lastKnownFileType = sourcecode.swift; path = "String+CryptoExtension.swift"; sourceTree = "<group>"; };
		65526D961C7C0936001A9EB4 /* AVishnuConfigure.swift */ = {isa = PBXFileReference; fileEncoding = 4; lastKnownFileType = sourcecode.swift; path = AVishnuConfigure.swift; sourceTree = "<group>"; };
		65CFD15F1D10F7AB0097893B /* Kurma.framework */ = {isa = PBXFileReference; explicitFileType = wrapper.framework; includeInIndex = 0; path = Kurma.framework; sourceTree = BUILT_PRODUCTS_DIR; };
		65CFD1611D10F7AC0097893B /* Kurma.h */ = {isa = PBXFileReference; lastKnownFileType = sourcecode.c.h; path = Kurma.h; sourceTree = "<group>"; };
		65CFD1631D10F7AC0097893B /* Info.plist */ = {isa = PBXFileReference; lastKnownFileType = text.plist.xml; path = Info.plist; sourceTree = "<group>"; };
		65CFD1681D10F7AC0097893B /* KurmaTests.xctest */ = {isa = PBXFileReference; explicitFileType = wrapper.cfbundle; includeInIndex = 0; path = KurmaTests.xctest; sourceTree = BUILT_PRODUCTS_DIR; };
		65CFD16D1D10F7AC0097893B /* KurmaTests.swift */ = {isa = PBXFileReference; lastKnownFileType = sourcecode.swift; path = KurmaTests.swift; sourceTree = "<group>"; };
		65CFD16F1D10F7AC0097893B /* Info.plist */ = {isa = PBXFileReference; lastKnownFileType = text.plist.xml; path = Info.plist; sourceTree = "<group>"; };
		65CFD1A91D10F8080097893B /* CBCharacteristic+KurmaExtension.swift */ = {isa = PBXFileReference; fileEncoding = 4; lastKnownFileType = sourcecode.swift; path = "CBCharacteristic+KurmaExtension.swift"; sourceTree = "<group>"; };
		65CFD1E01D10F9F40097893B /* UIColor+LerpExtension.swift */ = {isa = PBXFileReference; fileEncoding = 4; lastKnownFileType = sourcecode.swift; path = "UIColor+LerpExtension.swift"; sourceTree = "<group>"; };
		65CFD2131D10FA4A0097893B /* NumericType.swift */ = {isa = PBXFileReference; fileEncoding = 4; lastKnownFileType = sourcecode.swift; path = NumericType.swift; sourceTree = "<group>"; };
		65CFD3081D10FCBC0097893B /* KurmaBluetoothCommon.swift */ = {isa = PBXFileReference; fileEncoding = 4; lastKnownFileType = sourcecode.swift; path = KurmaBluetoothCommon.swift; sourceTree = "<group>"; };
		65CFD3FB1D113DC50097893B /* KurmaCentralManager.swift */ = {isa = PBXFileReference; fileEncoding = 4; lastKnownFileType = sourcecode.swift; path = KurmaCentralManager.swift; sourceTree = "<group>"; };
		65CFD4B91D114B2E0097893B /* KurmaPeripheral.swift */ = {isa = PBXFileReference; fileEncoding = 4; lastKnownFileType = sourcecode.swift; path = KurmaPeripheral.swift; sourceTree = "<group>"; };
/* End PBXFileReference section */

/* Begin PBXFrameworksBuildPhase section */
		653E1F001C7596C800C73E1A /* Frameworks */ = {
			isa = PBXFrameworksBuildPhase;
			buildActionMask = 2147483647;
			files = (
				653E1F811C759A1F00C73E1A /* CommonCrypto.framework in Frameworks */,
				653E1F7D1C759A0B00C73E1A /* libz.tbd in Frameworks */,
			);
			runOnlyForDeploymentPostprocessing = 0;
		};
		653E1F0B1C7596C800C73E1A /* Frameworks */ = {
			isa = PBXFrameworksBuildPhase;
			buildActionMask = 2147483647;
			files = (
				653E1F0F1C7596C800C73E1A /* Vishnu.framework in Frameworks */,
			);
			runOnlyForDeploymentPostprocessing = 0;
		};
		653E1F201C75977100C73E1A /* Frameworks */ = {
			isa = PBXFrameworksBuildPhase;
			buildActionMask = 2147483647;
			files = (
				653E20E01C75BC8700C73E1A /* Vishnu.framework in Frameworks */,
			);
			runOnlyForDeploymentPostprocessing = 0;
		};
		653E1F2A1C75977100C73E1A /* Frameworks */ = {
			isa = PBXFrameworksBuildPhase;
			buildActionMask = 2147483647;
			files = (
				653E1F2E1C75977200C73E1A /* Matsya.framework in Frameworks */,
			);
			runOnlyForDeploymentPostprocessing = 0;
		};
		653E1F501C75996000C73E1A /* Frameworks */ = {
			isa = PBXFrameworksBuildPhase;
			buildActionMask = 2147483647;
			files = (
			);
			runOnlyForDeploymentPostprocessing = 0;
		};
		65CFD15B1D10F7AB0097893B /* Frameworks */ = {
			isa = PBXFrameworksBuildPhase;
			buildActionMask = 2147483647;
			files = (
				65CFD2B01D10FAB00097893B /* Vishnu.framework in Frameworks */,
			);
			runOnlyForDeploymentPostprocessing = 0;
		};
		65CFD1651D10F7AC0097893B /* Frameworks */ = {
			isa = PBXFrameworksBuildPhase;
			buildActionMask = 2147483647;
			files = (
				65CFD1691D10F7AC0097893B /* Kurma.framework in Frameworks */,
			);
			runOnlyForDeploymentPostprocessing = 0;
		};
/* End PBXFrameworksBuildPhase section */

/* Begin PBXGroup section */
		650CCFCB1C92955800231340 /* Controllers */ = {
			isa = PBXGroup;
			children = (
				652A6EAB1C902DD800A07E4F /* MatsyaContainerViewController.swift */,
				65017A5B1CEEFA1500AD9DD2 /* MastyaTabBarController.swift */,
			);
			name = Controllers;
			sourceTree = "<group>";
		};
		650CD24D1C96871300231340 /* Utilities */ = {
			isa = PBXGroup;
			children = (
				65526D961C7C0936001A9EB4 /* AVishnuConfigure.swift */,
			);
			name = Utilities;
			sourceTree = "<group>";
		};
		653E1EFA1C7596C800C73E1A = {
			isa = PBXGroup;
			children = (
				653E1F061C7596C800C73E1A /* Vishnu */,
				653E1F121C7596C800C73E1A /* VishnuTests */,
				653E1F251C75977100C73E1A /* Matsya */,
				653E1F311C75977200C73E1A /* MatsyaTests */,
				653E1F6E1C75997F00C73E1A /* CommonCrypto */,
				65CFD1601D10F7AC0097893B /* Kurma */,
				65CFD16C1D10F7AC0097893B /* KurmaTests */,
				653E1F801C759A0F00C73E1A /* Frameworks */,
				653E1F051C7596C800C73E1A /* Products */,
			);
			sourceTree = "<group>";
		};
		653E1F051C7596C800C73E1A /* Products */ = {
			isa = PBXGroup;
			children = (
				653E1F041C7596C800C73E1A /* Vishnu.framework */,
				653E1F0E1C7596C800C73E1A /* VishnuTests.xctest */,
				653E1F241C75977100C73E1A /* Matsya.framework */,
				653E1F2D1C75977100C73E1A /* MatsyaTests.xctest */,
				653E1F541C75996000C73E1A /* CommonCrypto.framework */,
				65CFD15F1D10F7AB0097893B /* Kurma.framework */,
				65CFD1681D10F7AC0097893B /* KurmaTests.xctest */,
			);
			name = Products;
			sourceTree = "<group>";
		};
		653E1F061C7596C800C73E1A /* Vishnu */ = {
			isa = PBXGroup;
			children = (
				650CD24D1C96871300231340 /* Utilities */,
				653E21601C76B5DF00C73E1A /* Crypto */,
				653E1F491C75987600C73E1A /* Extensions */,
				653E1F071C7596C800C73E1A /* Vishnu.h */,
				653E1F091C7596C800C73E1A /* Info.plist */,
			);
			path = Vishnu;
			sourceTree = "<group>";
		};
		653E1F121C7596C800C73E1A /* VishnuTests */ = {
			isa = PBXGroup;
			children = (
				653E1F131C7596C800C73E1A /* VishnuTests.swift */,
				653E1F151C7596C800C73E1A /* Info.plist */,
			);
			path = VishnuTests;
			sourceTree = "<group>";
		};
		653E1F251C75977100C73E1A /* Matsya */ = {
			isa = PBXGroup;
			children = (
				650CCFCB1C92955800231340 /* Controllers */,
				653E1F3D1C75984100C73E1A /* Extensions */,
				653E1F261C75977100C73E1A /* Matsya.h */,
				653E1F281C75977100C73E1A /* Info.plist */,
			);
			path = Matsya;
			sourceTree = "<group>";
		};
		653E1F311C75977200C73E1A /* MatsyaTests */ = {
			isa = PBXGroup;
			children = (
				653E1F321C75977200C73E1A /* MatsyaTests.swift */,
				653E1F341C75977200C73E1A /* Info.plist */,
			);
			path = MatsyaTests;
			sourceTree = "<group>";
		};
		653E1F3D1C75984100C73E1A /* Extensions */ = {
			isa = PBXGroup;
			children = (
				653E1F401C75986F00C73E1A /* UIViewController+DLStoryboardExtensionViewController.swift */,
				653E1F411C75986F00C73E1A /* UIAlertView+DLExtension.swift */,
				653E1F421C75986F00C73E1A /* UIViewController+DLAlertExtension.swift */,
				65CFD1E01D10F9F40097893B /* UIColor+LerpExtension.swift */,
			);
			name = Extensions;
			sourceTree = "<group>";
		};
		653E1F491C75987600C73E1A /* Extensions */ = {
			isa = PBXGroup;
			children = (
				653E1F3F1C75986F00C73E1A /* String+DLExtension.swift */,
				653E21661C76B61D00C73E1A /* NSData+CryptoExtension.swift */,
				653E216B1C76B64400C73E1A /* String+CryptoExtension.swift */,
				65060BBA1C76F35300CFE032 /* NSData+Extension.swift */,
				65CFD2131D10FA4A0097893B /* NumericType.swift */,
			);
			name = Extensions;
			sourceTree = "<group>";
		};
		653E1F6E1C75997F00C73E1A /* CommonCrypto */ = {
			isa = PBXGroup;
			children = (
				653E200D1C75B57300C73E1A /* Info.plist */,
				653E1F6F1C75997F00C73E1A /* appletvos.modulemap */,
				653E1F701C75997F00C73E1A /* appletvsimulator.modulemap */,
				653E1F711C75997F00C73E1A /* CommonCrypto.xcconfig */,
				653E1F721C75997F00C73E1A /* iphoneos.modulemap */,
				653E1F731C75997F00C73E1A /* iphonesimulator.modulemap */,
				653E1F741C75997F00C73E1A /* macosx.modulemap */,
				653E1F751C75997F00C73E1A /* watchos.modulemap */,
				653E1F761C75997F00C73E1A /* watchsimulator.modulemap */,
			);
			path = CommonCrypto;
			sourceTree = "<group>";
		};
		653E1F801C759A0F00C73E1A /* Frameworks */ = {
			isa = PBXGroup;
			children = (
				653E1F7C1C759A0B00C73E1A /* libz.tbd */,
			);
			name = Frameworks;
			sourceTree = "<group>";
		};
		653E21601C76B5DF00C73E1A /* Crypto */ = {
			isa = PBXGroup;
			children = (
				653E21581C76B57000C73E1A /* Digest.swift */,
				653E21611C76B5F300C73E1A /* HMAC.swift */,
				650CCF341C914ED700231340 /* CRC16.swift */,
			);
			name = Crypto;
			sourceTree = "<group>";
		};
		65CFD1601D10F7AC0097893B /* Kurma */ = {
			isa = PBXGroup;
			children = (
				65CFD18F1D10F7DD0097893B /* Bluetooth */,
				65CFD18E1D10F7C90097893B /* Extensions */,
				65CFD1611D10F7AC0097893B /* Kurma.h */,
				65CFD1631D10F7AC0097893B /* Info.plist */,
			);
			path = Kurma;
			sourceTree = "<group>";
		};
		65CFD16C1D10F7AC0097893B /* KurmaTests */ = {
			isa = PBXGroup;
			children = (
				65CFD16D1D10F7AC0097893B /* KurmaTests.swift */,
				65CFD16F1D10F7AC0097893B /* Info.plist */,
			);
			path = KurmaTests;
			sourceTree = "<group>";
		};
		65CFD18E1D10F7C90097893B /* Extensions */ = {
			isa = PBXGroup;
			children = (
				65CFD1A91D10F8080097893B /* CBCharacteristic+KurmaExtension.swift */,
			);
			name = Extensions;
			sourceTree = "<group>";
		};
		65CFD18F1D10F7DD0097893B /* Bluetooth */ = {
			isa = PBXGroup;
			children = (
				65CFD3081D10FCBC0097893B /* KurmaBluetoothCommon.swift */,
				65CFD3FB1D113DC50097893B /* KurmaCentralManager.swift */,
				65CFD4B91D114B2E0097893B /* KurmaPeripheral.swift */,
			);
			name = Bluetooth;
			sourceTree = "<group>";
		};
/* End PBXGroup section */

/* Begin PBXHeadersBuildPhase section */
		653E1F011C7596C800C73E1A /* Headers */ = {
			isa = PBXHeadersBuildPhase;
			buildActionMask = 2147483647;
			files = (
				653E1F081C7596C800C73E1A /* Vishnu.h in Headers */,
				653E1F271C75977100C73E1A /* Matsya.h in Headers */,
			);
			runOnlyForDeploymentPostprocessing = 0;
		};
		653E1F211C75977100C73E1A /* Headers */ = {
			isa = PBXHeadersBuildPhase;
			buildActionMask = 2147483647;
			files = (
				65B947AA1D19337100CA5969 /* Matsya.h in Headers */,
				65B947911D19336C00CA5969 /* Vishnu.h in Headers */,
			);
			runOnlyForDeploymentPostprocessing = 0;
		};
		653E1F511C75996000C73E1A /* Headers */ = {
			isa = PBXHeadersBuildPhase;
			buildActionMask = 2147483647;
			files = (
			);
			runOnlyForDeploymentPostprocessing = 0;
		};
		65CFD15C1D10F7AB0097893B /* Headers */ = {
			isa = PBXHeadersBuildPhase;
			buildActionMask = 2147483647;
			files = (
				65B947DC1D19338000CA5969 /* Kurma.h in Headers */,
				65B947C31D19337A00CA5969 /* Vishnu.h in Headers */,
			);
			runOnlyForDeploymentPostprocessing = 0;
		};
/* End PBXHeadersBuildPhase section */

/* Begin PBXNativeTarget section */
		653E1F031C7596C800C73E1A /* Vishnu */ = {
			isa = PBXNativeTarget;
			buildConfigurationList = 653E1F181C7596C800C73E1A /* Build configuration list for PBXNativeTarget "Vishnu" */;
			buildPhases = (
				653E1EFF1C7596C800C73E1A /* Sources */,
				653E1F001C7596C800C73E1A /* Frameworks */,
				653E1F011C7596C800C73E1A /* Headers */,
				653E1F021C7596C800C73E1A /* Resources */,
			);
			buildRules = (
			);
			dependencies = (
				653E1F7B1C759A0400C73E1A /* PBXTargetDependency */,
			);
			name = Vishnu;
			productName = Vishnu;
			productReference = 653E1F041C7596C800C73E1A /* Vishnu.framework */;
			productType = "com.apple.product-type.framework";
		};
		653E1F0D1C7596C800C73E1A /* VishnuTests */ = {
			isa = PBXNativeTarget;
			buildConfigurationList = 653E1F1B1C7596C800C73E1A /* Build configuration list for PBXNativeTarget "VishnuTests" */;
			buildPhases = (
				653E1F0A1C7596C800C73E1A /* Sources */,
				653E1F0B1C7596C800C73E1A /* Frameworks */,
				653E1F0C1C7596C800C73E1A /* Resources */,
			);
			buildRules = (
			);
			dependencies = (
				653E1F111C7596C800C73E1A /* PBXTargetDependency */,
			);
			name = VishnuTests;
			productName = VishnuTests;
			productReference = 653E1F0E1C7596C800C73E1A /* VishnuTests.xctest */;
			productType = "com.apple.product-type.bundle.unit-test";
		};
		653E1F231C75977100C73E1A /* Matsya */ = {
			isa = PBXNativeTarget;
			buildConfigurationList = 653E1F351C75977200C73E1A /* Build configuration list for PBXNativeTarget "Matsya" */;
			buildPhases = (
				653E1F1F1C75977100C73E1A /* Sources */,
				653E1F201C75977100C73E1A /* Frameworks */,
				653E1F211C75977100C73E1A /* Headers */,
				653E1F221C75977100C73E1A /* Resources */,
			);
			buildRules = (
			);
			dependencies = (
				653E20DF1C75BC8200C73E1A /* PBXTargetDependency */,
			);
			name = Matsya;
			productName = Matsya;
			productReference = 653E1F241C75977100C73E1A /* Matsya.framework */;
			productType = "com.apple.product-type.framework";
		};
		653E1F2C1C75977100C73E1A /* MatsyaTests */ = {
			isa = PBXNativeTarget;
			buildConfigurationList = 653E1F381C75977200C73E1A /* Build configuration list for PBXNativeTarget "MatsyaTests" */;
			buildPhases = (
				653E1F291C75977100C73E1A /* Sources */,
				653E1F2A1C75977100C73E1A /* Frameworks */,
				653E1F2B1C75977100C73E1A /* Resources */,
			);
			buildRules = (
			);
			dependencies = (
				653E1F301C75977200C73E1A /* PBXTargetDependency */,
			);
			name = MatsyaTests;
			productName = MatsyaTests;
			productReference = 653E1F2D1C75977100C73E1A /* MatsyaTests.xctest */;
			productType = "com.apple.product-type.bundle.unit-test";
		};
		653E1F531C75996000C73E1A /* CommonCrypto */ = {
			isa = PBXNativeTarget;
			buildConfigurationList = 653E1F651C75996000C73E1A /* Build configuration list for PBXNativeTarget "CommonCrypto" */;
			buildPhases = (
				653E1F4F1C75996000C73E1A /* Sources */,
				653E1F501C75996000C73E1A /* Frameworks */,
				653E1F511C75996000C73E1A /* Headers */,
				653E1F521C75996000C73E1A /* Resources */,
			);
			buildRules = (
			);
			dependencies = (
			);
			name = CommonCrypto;
			productName = CommonCrypto;
			productReference = 653E1F541C75996000C73E1A /* CommonCrypto.framework */;
			productType = "com.apple.product-type.framework";
		};
		65CFD15E1D10F7AB0097893B /* Kurma */ = {
			isa = PBXNativeTarget;
			buildConfigurationList = 65CFD1701D10F7AC0097893B /* Build configuration list for PBXNativeTarget "Kurma" */;
			buildPhases = (
				65CFD15A1D10F7AB0097893B /* Sources */,
				65CFD15B1D10F7AB0097893B /* Frameworks */,
				65CFD15C1D10F7AB0097893B /* Headers */,
				65CFD15D1D10F7AB0097893B /* Resources */,
			);
			buildRules = (
			);
			dependencies = (
				65B947781D19335400CA5969 /* PBXTargetDependency */,
			);
			name = Kurma;
			productName = Kurma;
			productReference = 65CFD15F1D10F7AB0097893B /* Kurma.framework */;
			productType = "com.apple.product-type.framework";
		};
		65CFD1671D10F7AC0097893B /* KurmaTests */ = {
			isa = PBXNativeTarget;
			buildConfigurationList = 65CFD1731D10F7AC0097893B /* Build configuration list for PBXNativeTarget "KurmaTests" */;
			buildPhases = (
				65CFD1641D10F7AC0097893B /* Sources */,
				65CFD1651D10F7AC0097893B /* Frameworks */,
				65CFD1661D10F7AC0097893B /* Resources */,
			);
			buildRules = (
			);
			dependencies = (
				65CFD16B1D10F7AC0097893B /* PBXTargetDependency */,
			);
			name = KurmaTests;
			productName = KurmaTests;
			productReference = 65CFD1681D10F7AC0097893B /* KurmaTests.xctest */;
			productType = "com.apple.product-type.bundle.unit-test";
		};
/* End PBXNativeTarget section */

/* Begin PBXProject section */
		653E1EFB1C7596C800C73E1A /* Project object */ = {
			isa = PBXProject;
			attributes = {
				LastSwiftUpdateCheck = 0730;
				LastUpgradeCheck = 0720;
				ORGANIZATIONNAME = "Daniel Lu";
				TargetAttributes = {
					653E1F031C7596C800C73E1A = {
						CreatedOnToolsVersion = 7.2.1;
					};
					653E1F0D1C7596C800C73E1A = {
						CreatedOnToolsVersion = 7.2.1;
					};
					653E1F231C75977100C73E1A = {
						CreatedOnToolsVersion = 7.2.1;
					};
					653E1F2C1C75977100C73E1A = {
						CreatedOnToolsVersion = 7.2.1;
					};
					653E1F531C75996000C73E1A = {
						CreatedOnToolsVersion = 7.2.1;
					};
					65CFD15E1D10F7AB0097893B = {
						CreatedOnToolsVersion = 7.3;
					};
					65CFD1671D10F7AC0097893B = {
						CreatedOnToolsVersion = 7.3;
					};
				};
			};
			buildConfigurationList = 653E1EFE1C7596C800C73E1A /* Build configuration list for PBXProject "Vishnu" */;
			compatibilityVersion = "Xcode 3.2";
			developmentRegion = English;
			hasScannedForEncodings = 0;
			knownRegions = (
				en,
			);
			mainGroup = 653E1EFA1C7596C800C73E1A;
			productRefGroup = 653E1F051C7596C800C73E1A /* Products */;
			projectDirPath = "";
			projectRoot = "";
			targets = (
				653E1F031C7596C800C73E1A /* Vishnu */,
				653E1F0D1C7596C800C73E1A /* VishnuTests */,
				653E1F231C75977100C73E1A /* Matsya */,
				653E1F2C1C75977100C73E1A /* MatsyaTests */,
				653E1F531C75996000C73E1A /* CommonCrypto */,
				65CFD15E1D10F7AB0097893B /* Kurma */,
				65CFD1671D10F7AC0097893B /* KurmaTests */,
			);
		};
/* End PBXProject section */

/* Begin PBXResourcesBuildPhase section */
		653E1F021C7596C800C73E1A /* Resources */ = {
			isa = PBXResourcesBuildPhase;
			buildActionMask = 2147483647;
			files = (
			);
			runOnlyForDeploymentPostprocessing = 0;
		};
		653E1F0C1C7596C800C73E1A /* Resources */ = {
			isa = PBXResourcesBuildPhase;
			buildActionMask = 2147483647;
			files = (
			);
			runOnlyForDeploymentPostprocessing = 0;
		};
		653E1F221C75977100C73E1A /* Resources */ = {
			isa = PBXResourcesBuildPhase;
			buildActionMask = 2147483647;
			files = (
				653E1F771C75997F00C73E1A /* CommonCrypto.xcconfig in Resources */,
			);
			runOnlyForDeploymentPostprocessing = 0;
		};
		653E1F2B1C75977100C73E1A /* Resources */ = {
			isa = PBXResourcesBuildPhase;
			buildActionMask = 2147483647;
			files = (
			);
			runOnlyForDeploymentPostprocessing = 0;
		};
		653E1F521C75996000C73E1A /* Resources */ = {
			isa = PBXResourcesBuildPhase;
			buildActionMask = 2147483647;
			files = (
				653E200E1C75B57300C73E1A /* Info.plist in Resources */,
			);
			runOnlyForDeploymentPostprocessing = 0;
		};
		65CFD15D1D10F7AB0097893B /* Resources */ = {
			isa = PBXResourcesBuildPhase;
			buildActionMask = 2147483647;
			files = (
			);
			runOnlyForDeploymentPostprocessing = 0;
		};
		65CFD1661D10F7AC0097893B /* Resources */ = {
			isa = PBXResourcesBuildPhase;
			buildActionMask = 2147483647;
			files = (
			);
			runOnlyForDeploymentPostprocessing = 0;
		};
/* End PBXResourcesBuildPhase section */

/* Begin PBXSourcesBuildPhase section */
		653E1EFF1C7596C800C73E1A /* Sources */ = {
			isa = PBXSourcesBuildPhase;
			buildActionMask = 2147483647;
			files = (
				653E216C1C76B64400C73E1A /* String+CryptoExtension.swift in Sources */,
				653E21591C76B57000C73E1A /* Digest.swift in Sources */,
				653E1F4C1C75989700C73E1A /* String+DLExtension.swift in Sources */,
				653E21621C76B5F300C73E1A /* HMAC.swift in Sources */,
				65CFD2141D10FA4A0097893B /* NumericType.swift in Sources */,
				65526D971C7C0936001A9EB4 /* AVishnuConfigure.swift in Sources */,
				650CCF351C914ED700231340 /* CRC16.swift in Sources */,
				65060BBB1C76F35300CFE032 /* NSData+Extension.swift in Sources */,
				653E21671C76B61D00C73E1A /* NSData+CryptoExtension.swift in Sources */,
			);
			runOnlyForDeploymentPostprocessing = 0;
		};
		653E1F0A1C7596C800C73E1A /* Sources */ = {
			isa = PBXSourcesBuildPhase;
			buildActionMask = 2147483647;
			files = (
				653E1F141C7596C800C73E1A /* VishnuTests.swift in Sources */,
			);
			runOnlyForDeploymentPostprocessing = 0;
		};
		653E1F1F1C75977100C73E1A /* Sources */ = {
			isa = PBXSourcesBuildPhase;
			buildActionMask = 2147483647;
			files = (
				65017A5C1CEEFA1500AD9DD2 /* MastyaTabBarController.swift in Sources */,
				653E1F441C75986F00C73E1A /* UIViewController+DLStoryboardExtensionViewController.swift in Sources */,
				65CFD1E11D10F9F50097893B /* UIColor+LerpExtension.swift in Sources */,
				653E1F461C75986F00C73E1A /* UIViewController+DLAlertExtension.swift in Sources */,
				653E1F451C75986F00C73E1A /* UIAlertView+DLExtension.swift in Sources */,
				652A6EAC1C902DD800A07E4F /* MatsyaContainerViewController.swift in Sources */,
			);
			runOnlyForDeploymentPostprocessing = 0;
		};
		653E1F291C75977100C73E1A /* Sources */ = {
			isa = PBXSourcesBuildPhase;
			buildActionMask = 2147483647;
			files = (
				653E1F331C75977200C73E1A /* MatsyaTests.swift in Sources */,
			);
			runOnlyForDeploymentPostprocessing = 0;
		};
		653E1F4F1C75996000C73E1A /* Sources */ = {
			isa = PBXSourcesBuildPhase;
			buildActionMask = 2147483647;
			files = (
			);
			runOnlyForDeploymentPostprocessing = 0;
		};
		65CFD15A1D10F7AB0097893B /* Sources */ = {
			isa = PBXSourcesBuildPhase;
			buildActionMask = 2147483647;
			files = (
				65CFD4BA1D114B2E0097893B /* KurmaPeripheral.swift in Sources */,
				65CFD3091D10FCBC0097893B /* KurmaBluetoothCommon.swift in Sources */,
				65CFD3FC1D113DC50097893B /* KurmaCentralManager.swift in Sources */,
				65CFD1AA1D10F8080097893B /* CBCharacteristic+KurmaExtension.swift in Sources */,
			);
			runOnlyForDeploymentPostprocessing = 0;
		};
		65CFD1641D10F7AC0097893B /* Sources */ = {
			isa = PBXSourcesBuildPhase;
			buildActionMask = 2147483647;
			files = (
				65CFD16E1D10F7AC0097893B /* KurmaTests.swift in Sources */,
			);
			runOnlyForDeploymentPostprocessing = 0;
		};
/* End PBXSourcesBuildPhase section */

/* Begin PBXTargetDependency section */
		653E1F111C7596C800C73E1A /* PBXTargetDependency */ = {
			isa = PBXTargetDependency;
			target = 653E1F031C7596C800C73E1A /* Vishnu */;
			targetProxy = 653E1F101C7596C800C73E1A /* PBXContainerItemProxy */;
		};
		653E1F301C75977200C73E1A /* PBXTargetDependency */ = {
			isa = PBXTargetDependency;
			target = 653E1F231C75977100C73E1A /* Matsya */;
			targetProxy = 653E1F2F1C75977200C73E1A /* PBXContainerItemProxy */;
		};
		653E1F7B1C759A0400C73E1A /* PBXTargetDependency */ = {
			isa = PBXTargetDependency;
			target = 653E1F531C75996000C73E1A /* CommonCrypto */;
			targetProxy = 653E1F7A1C759A0400C73E1A /* PBXContainerItemProxy */;
		};
		653E20DF1C75BC8200C73E1A /* PBXTargetDependency */ = {
			isa = PBXTargetDependency;
			target = 653E1F031C7596C800C73E1A /* Vishnu */;
			targetProxy = 653E20DE1C75BC8200C73E1A /* PBXContainerItemProxy */;
		};
		65B947781D19335400CA5969 /* PBXTargetDependency */ = {
			isa = PBXTargetDependency;
			target = 653E1F031C7596C800C73E1A /* Vishnu */;
			targetProxy = 65B947771D19335400CA5969 /* PBXContainerItemProxy */;
		};
		65CFD16B1D10F7AC0097893B /* PBXTargetDependency */ = {
			isa = PBXTargetDependency;
			target = 65CFD15E1D10F7AB0097893B /* Kurma */;
			targetProxy = 65CFD16A1D10F7AC0097893B /* PBXContainerItemProxy */;
		};
/* End PBXTargetDependency section */

/* Begin XCBuildConfiguration section */
		653E1F161C7596C800C73E1A /* Debug */ = {
			isa = XCBuildConfiguration;
			buildSettings = {
				ALWAYS_SEARCH_USER_PATHS = NO;
				CLANG_CXX_LANGUAGE_STANDARD = "gnu++0x";
				CLANG_CXX_LIBRARY = "libc++";
				CLANG_ENABLE_MODULES = YES;
				CLANG_ENABLE_OBJC_ARC = YES;
				CLANG_WARN_BOOL_CONVERSION = YES;
				CLANG_WARN_CONSTANT_CONVERSION = YES;
				CLANG_WARN_DIRECT_OBJC_ISA_USAGE = YES_ERROR;
				CLANG_WARN_EMPTY_BODY = YES;
				CLANG_WARN_ENUM_CONVERSION = YES;
				CLANG_WARN_INT_CONVERSION = YES;
				CLANG_WARN_OBJC_ROOT_CLASS = YES_ERROR;
				CLANG_WARN_UNREACHABLE_CODE = YES;
				CLANG_WARN__DUPLICATE_METHOD_MATCH = YES;
				"CODE_SIGN_IDENTITY[sdk=iphoneos*]" = "iPhone Developer";
				COPY_PHASE_STRIP = NO;
				CURRENT_PROJECT_VERSION = 1;
				DEBUG_INFORMATION_FORMAT = dwarf;
				ENABLE_STRICT_OBJC_MSGSEND = YES;
				ENABLE_TESTABILITY = YES;
				GCC_C_LANGUAGE_STANDARD = gnu99;
				GCC_DYNAMIC_NO_PIC = NO;
				GCC_NO_COMMON_BLOCKS = YES;
				GCC_OPTIMIZATION_LEVEL = 0;
				GCC_PREPROCESSOR_DEFINITIONS = (
					"DEBUG=1",
					"$(inherited)",
				);
				GCC_WARN_64_TO_32_BIT_CONVERSION = YES;
				GCC_WARN_ABOUT_RETURN_TYPE = YES_ERROR;
				GCC_WARN_UNDECLARED_SELECTOR = YES;
				GCC_WARN_UNINITIALIZED_AUTOS = YES_AGGRESSIVE;
				GCC_WARN_UNUSED_FUNCTION = YES;
				GCC_WARN_UNUSED_VARIABLE = YES;
				IPHONEOS_DEPLOYMENT_TARGET = 9.2;
				MTL_ENABLE_DEBUG_INFO = YES;
				ONLY_ACTIVE_ARCH = YES;
				SDKROOT = iphoneos;
				SWIFT_OPTIMIZATION_LEVEL = "-Onone";
				TARGETED_DEVICE_FAMILY = "1,2";
				VERSIONING_SYSTEM = "apple-generic";
				VERSION_INFO_PREFIX = "";
			};
			name = Debug;
		};
		653E1F171C7596C800C73E1A /* Release */ = {
			isa = XCBuildConfiguration;
			buildSettings = {
				ALWAYS_SEARCH_USER_PATHS = NO;
				CLANG_CXX_LANGUAGE_STANDARD = "gnu++0x";
				CLANG_CXX_LIBRARY = "libc++";
				CLANG_ENABLE_MODULES = YES;
				CLANG_ENABLE_OBJC_ARC = YES;
				CLANG_WARN_BOOL_CONVERSION = YES;
				CLANG_WARN_CONSTANT_CONVERSION = YES;
				CLANG_WARN_DIRECT_OBJC_ISA_USAGE = YES_ERROR;
				CLANG_WARN_EMPTY_BODY = YES;
				CLANG_WARN_ENUM_CONVERSION = YES;
				CLANG_WARN_INT_CONVERSION = YES;
				CLANG_WARN_OBJC_ROOT_CLASS = YES_ERROR;
				CLANG_WARN_UNREACHABLE_CODE = YES;
				CLANG_WARN__DUPLICATE_METHOD_MATCH = YES;
				"CODE_SIGN_IDENTITY[sdk=iphoneos*]" = "iPhone Developer";
				COPY_PHASE_STRIP = NO;
				CURRENT_PROJECT_VERSION = 1;
				DEBUG_INFORMATION_FORMAT = "dwarf-with-dsym";
				ENABLE_NS_ASSERTIONS = NO;
				ENABLE_STRICT_OBJC_MSGSEND = YES;
				GCC_C_LANGUAGE_STANDARD = gnu99;
				GCC_NO_COMMON_BLOCKS = YES;
				GCC_WARN_64_TO_32_BIT_CONVERSION = YES;
				GCC_WARN_ABOUT_RETURN_TYPE = YES_ERROR;
				GCC_WARN_UNDECLARED_SELECTOR = YES;
				GCC_WARN_UNINITIALIZED_AUTOS = YES_AGGRESSIVE;
				GCC_WARN_UNUSED_FUNCTION = YES;
				GCC_WARN_UNUSED_VARIABLE = YES;
				IPHONEOS_DEPLOYMENT_TARGET = 9.2;
				MTL_ENABLE_DEBUG_INFO = NO;
				SDKROOT = iphoneos;
				TARGETED_DEVICE_FAMILY = "1,2";
				VALIDATE_PRODUCT = YES;
				VERSIONING_SYSTEM = "apple-generic";
				VERSION_INFO_PREFIX = "";
			};
			name = Release;
		};
		653E1F191C7596C800C73E1A /* Debug */ = {
			isa = XCBuildConfiguration;
			buildSettings = {
				DEFINES_MODULE = YES;
				DYLIB_COMPATIBILITY_VERSION = 1;
				DYLIB_CURRENT_VERSION = 1;
				DYLIB_INSTALL_NAME_BASE = "@rpath";
				INFOPLIST_FILE = Vishnu/Info.plist;
				INSTALL_PATH = "$(LOCAL_LIBRARY_DIR)/Frameworks";
				IPHONEOS_DEPLOYMENT_TARGET = 8.0;
				LD_RUNPATH_SEARCH_PATHS = "$(inherited) @executable_path/Frameworks @loader_path/Frameworks";
				PRODUCT_BUNDLE_IDENTIFIER = xyz.akupara.Vishnu;
				PRODUCT_NAME = "$(TARGET_NAME)";
				SKIP_INSTALL = YES;
			};
			name = Debug;
		};
		653E1F1A1C7596C800C73E1A /* Release */ = {
			isa = XCBuildConfiguration;
			buildSettings = {
				DEFINES_MODULE = YES;
				DYLIB_COMPATIBILITY_VERSION = 1;
				DYLIB_CURRENT_VERSION = 1;
				DYLIB_INSTALL_NAME_BASE = "@rpath";
				INFOPLIST_FILE = Vishnu/Info.plist;
				INSTALL_PATH = "$(LOCAL_LIBRARY_DIR)/Frameworks";
				IPHONEOS_DEPLOYMENT_TARGET = 8.0;
				LD_RUNPATH_SEARCH_PATHS = "$(inherited) @executable_path/Frameworks @loader_path/Frameworks";
				PRODUCT_BUNDLE_IDENTIFIER = xyz.akupara.Vishnu;
				PRODUCT_NAME = "$(TARGET_NAME)";
				SKIP_INSTALL = YES;
			};
			name = Release;
		};
		653E1F1C1C7596C800C73E1A /* Debug */ = {
			isa = XCBuildConfiguration;
			buildSettings = {
				INFOPLIST_FILE = VishnuTests/Info.plist;
				LD_RUNPATH_SEARCH_PATHS = "$(inherited) @executable_path/Frameworks @loader_path/Frameworks";
				PRODUCT_BUNDLE_IDENTIFIER = xyz.akupara.VishnuTests;
				PRODUCT_NAME = "$(TARGET_NAME)";
			};
			name = Debug;
		};
		653E1F1D1C7596C800C73E1A /* Release */ = {
			isa = XCBuildConfiguration;
			buildSettings = {
				INFOPLIST_FILE = VishnuTests/Info.plist;
				LD_RUNPATH_SEARCH_PATHS = "$(inherited) @executable_path/Frameworks @loader_path/Frameworks";
				PRODUCT_BUNDLE_IDENTIFIER = xyz.akupara.VishnuTests;
				PRODUCT_NAME = "$(TARGET_NAME)";
			};
			name = Release;
		};
		653E1F361C75977200C73E1A /* Debug */ = {
			isa = XCBuildConfiguration;
			buildSettings = {
				CLANG_ENABLE_MODULES = YES;
				DEFINES_MODULE = YES;
				DYLIB_COMPATIBILITY_VERSION = 1;
				DYLIB_CURRENT_VERSION = 1;
				DYLIB_INSTALL_NAME_BASE = "@rpath";
				INFOPLIST_FILE = Matsya/Info.plist;
				INSTALL_PATH = "$(LOCAL_LIBRARY_DIR)/Frameworks";
				IPHONEOS_DEPLOYMENT_TARGET = 8.0;
				LD_RUNPATH_SEARCH_PATHS = "$(inherited) @executable_path/Frameworks @loader_path/Frameworks";
				PRODUCT_BUNDLE_IDENTIFIER = xyz.akupara.Matsya;
				PRODUCT_NAME = "$(TARGET_NAME)";
				SKIP_INSTALL = YES;
				SWIFT_OPTIMIZATION_LEVEL = "-Onone";
			};
			name = Debug;
		};
		653E1F371C75977200C73E1A /* Release */ = {
			isa = XCBuildConfiguration;
			buildSettings = {
				CLANG_ENABLE_MODULES = YES;
				DEFINES_MODULE = YES;
				DYLIB_COMPATIBILITY_VERSION = 1;
				DYLIB_CURRENT_VERSION = 1;
				DYLIB_INSTALL_NAME_BASE = "@rpath";
				INFOPLIST_FILE = Matsya/Info.plist;
				INSTALL_PATH = "$(LOCAL_LIBRARY_DIR)/Frameworks";
				IPHONEOS_DEPLOYMENT_TARGET = 8.0;
				LD_RUNPATH_SEARCH_PATHS = "$(inherited) @executable_path/Frameworks @loader_path/Frameworks";
				PRODUCT_BUNDLE_IDENTIFIER = xyz.akupara.Matsya;
				PRODUCT_NAME = "$(TARGET_NAME)";
				SKIP_INSTALL = YES;
			};
			name = Release;
		};
		653E1F391C75977200C73E1A /* Debug */ = {
			isa = XCBuildConfiguration;
			buildSettings = {
				INFOPLIST_FILE = MatsyaTests/Info.plist;
				LD_RUNPATH_SEARCH_PATHS = "$(inherited) @executable_path/Frameworks @loader_path/Frameworks";
				PRODUCT_BUNDLE_IDENTIFIER = xyz.akupara.MatsyaTests;
				PRODUCT_NAME = "$(TARGET_NAME)";
			};
			name = Debug;
		};
		653E1F3A1C75977200C73E1A /* Release */ = {
			isa = XCBuildConfiguration;
			buildSettings = {
				INFOPLIST_FILE = MatsyaTests/Info.plist;
				LD_RUNPATH_SEARCH_PATHS = "$(inherited) @executable_path/Frameworks @loader_path/Frameworks";
				PRODUCT_BUNDLE_IDENTIFIER = xyz.akupara.MatsyaTests;
				PRODUCT_NAME = "$(TARGET_NAME)";
			};
			name = Release;
		};
		653E1F661C75996000C73E1A /* Debug */ = {
			isa = XCBuildConfiguration;
			baseConfigurationReference = 653E1F711C75997F00C73E1A /* CommonCrypto.xcconfig */;
			buildSettings = {
				DEFINES_MODULE = YES;
				DYLIB_COMPATIBILITY_VERSION = 1;
				DYLIB_CURRENT_VERSION = 1;
				DYLIB_INSTALL_NAME_BASE = "@rpath";
				INFOPLIST_FILE = CommonCrypto/Info.plist;
				INSTALL_PATH = "$(LOCAL_LIBRARY_DIR)/Frameworks";
				IPHONEOS_DEPLOYMENT_TARGET = 8.0;
				LD_RUNPATH_SEARCH_PATHS = "$(inherited) @executable_path/Frameworks @loader_path/Frameworks";
				PRODUCT_BUNDLE_IDENTIFIER = xyz.akupara.CommonCrypto;
				PRODUCT_NAME = "$(TARGET_NAME)";
				SKIP_INSTALL = YES;
			};
			name = Debug;
		};
		653E1F671C75996000C73E1A /* Release */ = {
			isa = XCBuildConfiguration;
			baseConfigurationReference = 653E1F711C75997F00C73E1A /* CommonCrypto.xcconfig */;
			buildSettings = {
				DEFINES_MODULE = YES;
				DYLIB_COMPATIBILITY_VERSION = 1;
				DYLIB_CURRENT_VERSION = 1;
				DYLIB_INSTALL_NAME_BASE = "@rpath";
				INFOPLIST_FILE = CommonCrypto/Info.plist;
				INSTALL_PATH = "$(LOCAL_LIBRARY_DIR)/Frameworks";
				IPHONEOS_DEPLOYMENT_TARGET = 8.0;
				LD_RUNPATH_SEARCH_PATHS = "$(inherited) @executable_path/Frameworks @loader_path/Frameworks";
				PRODUCT_BUNDLE_IDENTIFIER = xyz.akupara.CommonCrypto;
				PRODUCT_NAME = "$(TARGET_NAME)";
				SKIP_INSTALL = YES;
			};
			name = Release;
		};
		65CFD1711D10F7AC0097893B /* Debug */ = {
			isa = XCBuildConfiguration;
			buildSettings = {
				CLANG_ANALYZER_NONNULL = YES;
				CLANG_ENABLE_MODULES = YES;
				DEFINES_MODULE = YES;
				DYLIB_COMPATIBILITY_VERSION = 1;
				DYLIB_CURRENT_VERSION = 1;
				DYLIB_INSTALL_NAME_BASE = "@rpath";
				INFOPLIST_FILE = Kurma/Info.plist;
				INSTALL_PATH = "$(LOCAL_LIBRARY_DIR)/Frameworks";
				IPHONEOS_DEPLOYMENT_TARGET = 8.0;
				LD_RUNPATH_SEARCH_PATHS = "$(inherited) @executable_path/Frameworks @loader_path/Frameworks";
				PRODUCT_BUNDLE_IDENTIFIER = xyz.akupara.Kurma;
				PRODUCT_NAME = "$(TARGET_NAME)";
				SKIP_INSTALL = YES;
				SWIFT_OPTIMIZATION_LEVEL = "-Onone";
			};
			name = Debug;
		};
		65CFD1721D10F7AC0097893B /* Release */ = {
			isa = XCBuildConfiguration;
			buildSettings = {
				CLANG_ANALYZER_NONNULL = YES;
				CLANG_ENABLE_MODULES = YES;
				DEFINES_MODULE = YES;
				DYLIB_COMPATIBILITY_VERSION = 1;
				DYLIB_CURRENT_VERSION = 1;
				DYLIB_INSTALL_NAME_BASE = "@rpath";
				INFOPLIST_FILE = Kurma/Info.plist;
				INSTALL_PATH = "$(LOCAL_LIBRARY_DIR)/Frameworks";
				IPHONEOS_DEPLOYMENT_TARGET = 8.0;
				LD_RUNPATH_SEARCH_PATHS = "$(inherited) @executable_path/Frameworks @loader_path/Frameworks";
				PRODUCT_BUNDLE_IDENTIFIER = xyz.akupara.Kurma;
				PRODUCT_NAME = "$(TARGET_NAME)";
				SKIP_INSTALL = YES;
			};
			name = Release;
		};
		65CFD1741D10F7AC0097893B /* Debug */ = {
			isa = XCBuildConfiguration;
			buildSettings = {
				CLANG_ANALYZER_NONNULL = YES;
				INFOPLIST_FILE = KurmaTests/Info.plist;
				IPHONEOS_DEPLOYMENT_TARGET = 9.3;
				LD_RUNPATH_SEARCH_PATHS = "$(inherited) @executable_path/Frameworks @loader_path/Frameworks";
				PRODUCT_BUNDLE_IDENTIFIER = com.5peng.KurmaTests;
				PRODUCT_NAME = "$(TARGET_NAME)";
			};
			name = Debug;
		};
		65CFD1751D10F7AC0097893B /* Release */ = {
			isa = XCBuildConfiguration;
			buildSettings = {
				CLANG_ANALYZER_NONNULL = YES;
				INFOPLIST_FILE = KurmaTests/Info.plist;
				IPHONEOS_DEPLOYMENT_TARGET = 9.3;
				LD_RUNPATH_SEARCH_PATHS = "$(inherited) @executable_path/Frameworks @loader_path/Frameworks";
				PRODUCT_BUNDLE_IDENTIFIER = com.5peng.KurmaTests;
				PRODUCT_NAME = "$(TARGET_NAME)";
			};
			name = Release;
		};
/* End XCBuildConfiguration section */

/* Begin XCConfigurationList section */
		653E1EFE1C7596C800C73E1A /* Build configuration list for PBXProject "Vishnu" */ = {
			isa = XCConfigurationList;
			buildConfigurations = (
				653E1F161C7596C800C73E1A /* Debug */,
				653E1F171C7596C800C73E1A /* Release */,
			);
			defaultConfigurationIsVisible = 0;
			defaultConfigurationName = Release;
		};
		653E1F181C7596C800C73E1A /* Build configuration list for PBXNativeTarget "Vishnu" */ = {
			isa = XCConfigurationList;
			buildConfigurations = (
				653E1F191C7596C800C73E1A /* Debug */,
				653E1F1A1C7596C800C73E1A /* Release */,
			);
			defaultConfigurationIsVisible = 0;
			defaultConfigurationName = Release;
		};
		653E1F1B1C7596C800C73E1A /* Build configuration list for PBXNativeTarget "VishnuTests" */ = {
			isa = XCConfigurationList;
			buildConfigurations = (
				653E1F1C1C7596C800C73E1A /* Debug */,
				653E1F1D1C7596C800C73E1A /* Release */,
			);
			defaultConfigurationIsVisible = 0;
			defaultConfigurationName = Release;
		};
		653E1F351C75977200C73E1A /* Build configuration list for PBXNativeTarget "Matsya" */ = {
			isa = XCConfigurationList;
			buildConfigurations = (
				653E1F361C75977200C73E1A /* Debug */,
				653E1F371C75977200C73E1A /* Release */,
			);
			defaultConfigurationIsVisible = 0;
			defaultConfigurationName = Release;
		};
		653E1F381C75977200C73E1A /* Build configuration list for PBXNativeTarget "MatsyaTests" */ = {
			isa = XCConfigurationList;
			buildConfigurations = (
				653E1F391C75977200C73E1A /* Debug */,
				653E1F3A1C75977200C73E1A /* Release */,
			);
			defaultConfigurationIsVisible = 0;
			defaultConfigurationName = Release;
		};
		653E1F651C75996000C73E1A /* Build configuration list for PBXNativeTarget "CommonCrypto" */ = {
			isa = XCConfigurationList;
			buildConfigurations = (
				653E1F661C75996000C73E1A /* Debug */,
				653E1F671C75996000C73E1A /* Release */,
			);
			defaultConfigurationIsVisible = 0;
			defaultConfigurationName = Release;
		};
		65CFD1701D10F7AC0097893B /* Build configuration list for PBXNativeTarget "Kurma" */ = {
			isa = XCConfigurationList;
			buildConfigurations = (
				65CFD1711D10F7AC0097893B /* Debug */,
				65CFD1721D10F7AC0097893B /* Release */,
			);
			defaultConfigurationIsVisible = 0;
			defaultConfigurationName = Release;
		};
		65CFD1731D10F7AC0097893B /* Build configuration list for PBXNativeTarget "KurmaTests" */ = {
			isa = XCConfigurationList;
			buildConfigurations = (
				65CFD1741D10F7AC0097893B /* Debug */,
				65CFD1751D10F7AC0097893B /* Release */,
			);
			defaultConfigurationIsVisible = 0;
			defaultConfigurationName = Release;
		};
/* End XCConfigurationList section */
	};
	rootObject = 653E1EFB1C7596C800C73E1A /* Project object */;
}
